// !$*UTF8*$!
{
	archiveVersion = 1;
	classes = {
	};
	objectVersion = 56;
	objects = {

/* Begin PBXBuildFile section */
		3032387A2A00A876008A8093 /* ForJOYApp.swift in Sources */ = {isa = PBXBuildFile; fileRef = 303238792A00A876008A8093 /* ForJOYApp.swift */; };
		3032387E2A00A876008A8093 /* Assets.xcassets in Resources */ = {isa = PBXBuildFile; fileRef = 3032387D2A00A876008A8093 /* Assets.xcassets */; };
		303238812A00A876008A8093 /* Preview Assets.xcassets in Resources */ = {isa = PBXBuildFile; fileRef = 303238802A00A876008A8093 /* Preview Assets.xcassets */; };
		303238882A00B3BB008A8093 /* SelectYearView.swift in Sources */ = {isa = PBXBuildFile; fileRef = 303238872A00B3BB008A8093 /* SelectYearView.swift */; };
		3032388B2A00B89E008A8093 /* Ref.swift in Sources */ = {isa = PBXBuildFile; fileRef = 3032388A2A00B89E008A8093 /* Ref.swift */; };
		3032388D2A0208D8008A8093 /* TestModel.swift in Sources */ = {isa = PBXBuildFile; fileRef = 3032388C2A0208D8008A8093 /* TestModel.swift */; };
		3032388E2A033332008A8093 /* ContentView.swift in Sources */ = {isa = PBXBuildFile; fileRef = 3032387B2A00A876008A8093 /* ContentView.swift */; };
		3078143F2A08785D00231E6F /* TestViewModel.swift in Sources */ = {isa = PBXBuildFile; fileRef = 3078143E2A08785D00231E6F /* TestViewModel.swift */; };
		30BDADE62A034DB7000BDA8F /* CircularProgressView.swift in Sources */ = {isa = PBXBuildFile; fileRef = 30BDADDA2A034DB7000BDA8F /* CircularProgressView.swift */; };
		30BDADE72A034DB7000BDA8F /* VoiceViewModel.swift in Sources */ = {isa = PBXBuildFile; fileRef = 30BDADDB2A034DB7000BDA8F /* VoiceViewModel.swift */; };
		30BDADE82A034DB7000BDA8F /* Recording.swift in Sources */ = {isa = PBXBuildFile; fileRef = 30BDADDD2A034DB7000BDA8F /* Recording.swift */; };
		30BDADE92A034DB7000BDA8F /* Date.swift in Sources */ = {isa = PBXBuildFile; fileRef = 30BDADDF2A034DB7000BDA8F /* Date.swift */; };
		30BDADEA2A034DB7000BDA8F /* convertSecToMinAndHour.swift in Sources */ = {isa = PBXBuildFile; fileRef = 30BDADE02A034DB7000BDA8F /* convertSecToMinAndHour.swift */; };
		30BDADEB2A034DB7000BDA8F /* DecibelView.swift in Sources */ = {isa = PBXBuildFile; fileRef = 30BDADE22A034DB7000BDA8F /* DecibelView.swift */; };
		30BDADEC2A034DB7000BDA8F /* TimerView.swift in Sources */ = {isa = PBXBuildFile; fileRef = 30BDADE32A034DB7000BDA8F /* TimerView.swift */; };
		30BDADED2A034DB7000BDA8F /* RecordingListView.swift in Sources */ = {isa = PBXBuildFile; fileRef = 30BDADE42A034DB7000BDA8F /* RecordingListView.swift */; };
		30BDADEE2A034DB7000BDA8F /* VoiceView.swift in Sources */ = {isa = PBXBuildFile; fileRef = 30BDADE52A034DB7000BDA8F /* VoiceView.swift */; };
		5B52BECC2A0358EA00320ECD /* Camera.swift in Sources */ = {isa = PBXBuildFile; fileRef = 5B52BECB2A0358EA00320ECD /* Camera.swift */; };
		5B52BECE2A03590900320ECD /* CameraViewModel.swift in Sources */ = {isa = PBXBuildFile; fileRef = 5B52BECD2A03590900320ECD /* CameraViewModel.swift */; };
		5B52BED02A03592400320ECD /* CameraView.swift in Sources */ = {isa = PBXBuildFile; fileRef = 5B52BECF2A03592400320ECD /* CameraView.swift */; };
		AA44E15B2A089F9500DB9601 /* GlobalStore.swift in Sources */ = {isa = PBXBuildFile; fileRef = AA44E15A2A089F9500DB9601 /* GlobalStore.swift */; };
		BE522DFD2A05A48D00D4AEEA /* CarouselView.swift in Sources */ = {isa = PBXBuildFile; fileRef = BE522DFC2A05A48D00D4AEEA /* CarouselView.swift */; };
		BECC97372A05A54700E27120 /* CardView.swift in Sources */ = {isa = PBXBuildFile; fileRef = BECC97362A05A54700E27120 /* CardView.swift */; };
		D9F0DC622A0353D3002CE5E5 /* RecAnimationView.swift in Sources */ = {isa = PBXBuildFile; fileRef = D9F0DC612A0353D3002CE5E5 /* RecAnimationView.swift */; };
/* End PBXBuildFile section */

/* Begin PBXFileReference section */
		303238762A00A876008A8093 /* ForJOY.app */ = {isa = PBXFileReference; explicitFileType = wrapper.application; includeInIndex = 0; path = ForJOY.app; sourceTree = BUILT_PRODUCTS_DIR; };
		303238792A00A876008A8093 /* ForJOYApp.swift */ = {isa = PBXFileReference; lastKnownFileType = sourcecode.swift; path = ForJOYApp.swift; sourceTree = "<group>"; };
		3032387B2A00A876008A8093 /* ContentView.swift */ = {isa = PBXFileReference; lastKnownFileType = sourcecode.swift; path = ContentView.swift; sourceTree = "<group>"; };
		3032387D2A00A876008A8093 /* Assets.xcassets */ = {isa = PBXFileReference; lastKnownFileType = folder.assetcatalog; path = Assets.xcassets; sourceTree = "<group>"; };
		303238802A00A876008A8093 /* Preview Assets.xcassets */ = {isa = PBXFileReference; lastKnownFileType = folder.assetcatalog; path = "Preview Assets.xcassets"; sourceTree = "<group>"; };
		303238872A00B3BB008A8093 /* SelectYearView.swift */ = {isa = PBXFileReference; lastKnownFileType = sourcecode.swift; path = SelectYearView.swift; sourceTree = "<group>"; };
		3032388A2A00B89E008A8093 /* Ref.swift */ = {isa = PBXFileReference; lastKnownFileType = sourcecode.swift; path = Ref.swift; sourceTree = "<group>"; };
		3032388C2A0208D8008A8093 /* TestModel.swift */ = {isa = PBXFileReference; lastKnownFileType = sourcecode.swift; path = TestModel.swift; sourceTree = "<group>"; };
		3078143E2A08785D00231E6F /* TestViewModel.swift */ = {isa = PBXFileReference; lastKnownFileType = sourcecode.swift; path = TestViewModel.swift; sourceTree = "<group>"; };
		30BDADDA2A034DB7000BDA8F /* CircularProgressView.swift */ = {isa = PBXFileReference; fileEncoding = 4; lastKnownFileType = sourcecode.swift; path = CircularProgressView.swift; sourceTree = "<group>"; };
		30BDADDB2A034DB7000BDA8F /* VoiceViewModel.swift */ = {isa = PBXFileReference; fileEncoding = 4; lastKnownFileType = sourcecode.swift; path = VoiceViewModel.swift; sourceTree = "<group>"; };
		30BDADDD2A034DB7000BDA8F /* Recording.swift */ = {isa = PBXFileReference; fileEncoding = 4; lastKnownFileType = sourcecode.swift; path = Recording.swift; sourceTree = "<group>"; };
		30BDADDF2A034DB7000BDA8F /* Date.swift */ = {isa = PBXFileReference; fileEncoding = 4; lastKnownFileType = sourcecode.swift; path = Date.swift; sourceTree = "<group>"; };
		30BDADE02A034DB7000BDA8F /* convertSecToMinAndHour.swift */ = {isa = PBXFileReference; fileEncoding = 4; lastKnownFileType = sourcecode.swift; path = convertSecToMinAndHour.swift; sourceTree = "<group>"; };
		30BDADE22A034DB7000BDA8F /* DecibelView.swift */ = {isa = PBXFileReference; fileEncoding = 4; lastKnownFileType = sourcecode.swift; path = DecibelView.swift; sourceTree = "<group>"; };
		30BDADE32A034DB7000BDA8F /* TimerView.swift */ = {isa = PBXFileReference; fileEncoding = 4; lastKnownFileType = sourcecode.swift; path = TimerView.swift; sourceTree = "<group>"; };
		30BDADE42A034DB7000BDA8F /* RecordingListView.swift */ = {isa = PBXFileReference; fileEncoding = 4; lastKnownFileType = sourcecode.swift; path = RecordingListView.swift; sourceTree = "<group>"; };
		30BDADE52A034DB7000BDA8F /* VoiceView.swift */ = {isa = PBXFileReference; fileEncoding = 4; lastKnownFileType = sourcecode.swift; path = VoiceView.swift; sourceTree = "<group>"; };
		5B52BECB2A0358EA00320ECD /* Camera.swift */ = {isa = PBXFileReference; lastKnownFileType = sourcecode.swift; path = Camera.swift; sourceTree = "<group>"; };
		5B52BECD2A03590900320ECD /* CameraViewModel.swift */ = {isa = PBXFileReference; lastKnownFileType = sourcecode.swift; path = CameraViewModel.swift; sourceTree = "<group>"; };
		5B52BECF2A03592400320ECD /* CameraView.swift */ = {isa = PBXFileReference; lastKnownFileType = sourcecode.swift; path = CameraView.swift; sourceTree = "<group>"; };
		AA44E15A2A089F9500DB9601 /* GlobalStore.swift */ = {isa = PBXFileReference; lastKnownFileType = sourcecode.swift; path = GlobalStore.swift; sourceTree = "<group>"; };
		BE522DFC2A05A48D00D4AEEA /* CarouselView.swift */ = {isa = PBXFileReference; lastKnownFileType = sourcecode.swift; path = CarouselView.swift; sourceTree = "<group>"; };
		BECC97362A05A54700E27120 /* CardView.swift */ = {isa = PBXFileReference; lastKnownFileType = sourcecode.swift; path = CardView.swift; sourceTree = "<group>"; };
		D9F0DC612A0353D3002CE5E5 /* RecAnimationView.swift */ = {isa = PBXFileReference; lastKnownFileType = sourcecode.swift; path = RecAnimationView.swift; sourceTree = "<group>"; };
/* End PBXFileReference section */

/* Begin PBXFrameworksBuildPhase section */
		303238732A00A876008A8093 /* Frameworks */ = {
			isa = PBXFrameworksBuildPhase;
			buildActionMask = 2147483647;
			files = (
			);
			runOnlyForDeploymentPostprocessing = 0;
		};
/* End PBXFrameworksBuildPhase section */

/* Begin PBXGroup section */
		3032386D2A00A876008A8093 = {
			isa = PBXGroup;
			children = (
				303238782A00A876008A8093 /* ForJOY */,
				303238772A00A876008A8093 /* Products */,
			);
			sourceTree = "<group>";
		};
		303238772A00A876008A8093 /* Products */ = {
			isa = PBXGroup;
			children = (
				303238762A00A876008A8093 /* ForJOY.app */,
			);
			name = Products;
			sourceTree = "<group>";
		};
		303238782A00A876008A8093 /* ForJOY */ = {
			isa = PBXGroup;
			children = (
				BECC97382A05A64300E27120 /* Carousel */,
				5B52BEB72A03575500320ECD /* Camera */,
				303238792A00A876008A8093 /* ForJOYApp.swift */,
				3032387B2A00A876008A8093 /* ContentView.swift */,
				30BDADD82A034DB7000BDA8F /* Voice */,
				30BDADD72A034D7D000BDA8F /* SelectYear */,
				3032387D2A00A876008A8093 /* Assets.xcassets */,
				3032387F2A00A876008A8093 /* Preview Content */,
			);
			path = ForJOY;
			sourceTree = "<group>";
		};
		3032387F2A00A876008A8093 /* Preview Content */ = {
			isa = PBXGroup;
			children = (
				303238802A00A876008A8093 /* Preview Assets.xcassets */,
			);
			path = "Preview Content";
			sourceTree = "<group>";
		};
		30BDADD72A034D7D000BDA8F /* SelectYear */ = {
			isa = PBXGroup;
			children = (
				3032388A2A00B89E008A8093 /* Ref.swift */,
				303238872A00B3BB008A8093 /* SelectYearView.swift */,
				3032388C2A0208D8008A8093 /* TestModel.swift */,
				3078143E2A08785D00231E6F /* TestViewModel.swift */,
			);
			path = SelectYear;
			sourceTree = "<group>";
		};
		30BDADD82A034DB7000BDA8F /* Voice */ = {
			isa = PBXGroup;
			children = (
				30BDADD92A034DB7000BDA8F /* ViewModels */,
				30BDADDC2A034DB7000BDA8F /* Models */,
				30BDADDE2A034DB7000BDA8F /* Extensions */,
				30BDADE12A034DB7000BDA8F /* Views */,
			);
			name = Voice;
			path = ForJOY/Voice;
			sourceTree = SOURCE_ROOT;
		};
		30BDADD92A034DB7000BDA8F /* ViewModels */ = {
			isa = PBXGroup;
			children = (
				30BDADDB2A034DB7000BDA8F /* VoiceViewModel.swift */,
				AA44E15A2A089F9500DB9601 /* GlobalStore.swift */,
			);
			path = ViewModels;
			sourceTree = "<group>";
		};
		30BDADDC2A034DB7000BDA8F /* Models */ = {
			isa = PBXGroup;
			children = (
				30BDADDD2A034DB7000BDA8F /* Recording.swift */,
			);
			path = Models;
			sourceTree = "<group>";
		};
		30BDADDE2A034DB7000BDA8F /* Extensions */ = {
			isa = PBXGroup;
			children = (
				30BDADDF2A034DB7000BDA8F /* Date.swift */,
				30BDADE02A034DB7000BDA8F /* convertSecToMinAndHour.swift */,
			);
			path = Extensions;
			sourceTree = "<group>";
		};
		30BDADE12A034DB7000BDA8F /* Views */ = {
			isa = PBXGroup;
			children = (
				D9F0DC612A0353D3002CE5E5 /* RecAnimationView.swift */,
				30BDADDA2A034DB7000BDA8F /* CircularProgressView.swift */,
				30BDADE22A034DB7000BDA8F /* DecibelView.swift */,
				30BDADE32A034DB7000BDA8F /* TimerView.swift */,
				30BDADE42A034DB7000BDA8F /* RecordingListView.swift */,
				30BDADE52A034DB7000BDA8F /* VoiceView.swift */,
			);
			path = Views;
			sourceTree = "<group>";
		};
		5B52BEB72A03575500320ECD /* Camera */ = {
			isa = PBXGroup;
			children = (
				5B52BEBA2A03576F00320ECD /* Models */,
				5B52BEB92A03576300320ECD /* ViewModels */,
				5B52BEB82A03575D00320ECD /* Views */,
			);
			path = Camera;
			sourceTree = "<group>";
		};
		5B52BEB82A03575D00320ECD /* Views */ = {
			isa = PBXGroup;
			children = (
				5B52BECF2A03592400320ECD /* CameraView.swift */,
			);
			path = Views;
			sourceTree = "<group>";
		};
		5B52BEB92A03576300320ECD /* ViewModels */ = {
			isa = PBXGroup;
			children = (
				5B52BECD2A03590900320ECD /* CameraViewModel.swift */,
			);
			path = ViewModels;
			sourceTree = "<group>";
		};
		5B52BEBA2A03576F00320ECD /* Models */ = {
			isa = PBXGroup;
			children = (
				5B52BECB2A0358EA00320ECD /* Camera.swift */,
			);
			path = Models;
			sourceTree = "<group>";
		};
		BECC97382A05A64300E27120 /* Carousel */ = {
			isa = PBXGroup;
			children = (
				BE522DFC2A05A48D00D4AEEA /* CarouselView.swift */,
				BECC97362A05A54700E27120 /* CardView.swift */,
			);
			path = Carousel;
			sourceTree = "<group>";
		};
/* End PBXGroup section */

/* Begin PBXNativeTarget section */
		303238752A00A876008A8093 /* ForJOY */ = {
			isa = PBXNativeTarget;
			buildConfigurationList = 303238842A00A876008A8093 /* Build configuration list for PBXNativeTarget "ForJOY" */;
			buildPhases = (
				303238722A00A876008A8093 /* Sources */,
				303238732A00A876008A8093 /* Frameworks */,
				303238742A00A876008A8093 /* Resources */,
			);
			buildRules = (
			);
			dependencies = (
			);
			name = ForJOY;
			productName = ForJOY;
			productReference = 303238762A00A876008A8093 /* ForJOY.app */;
			productType = "com.apple.product-type.application";
		};
/* End PBXNativeTarget section */

/* Begin PBXProject section */
		3032386E2A00A876008A8093 /* Project object */ = {
			isa = PBXProject;
			attributes = {
				BuildIndependentTargetsInParallel = 1;
				LastSwiftUpdateCheck = 1420;
				LastUpgradeCheck = 1420;
				TargetAttributes = {
					303238752A00A876008A8093 = {
						CreatedOnToolsVersion = 14.2;
					};
				};
			};
			buildConfigurationList = 303238712A00A876008A8093 /* Build configuration list for PBXProject "ForJOY" */;
			compatibilityVersion = "Xcode 14.0";
			developmentRegion = en;
			hasScannedForEncodings = 0;
			knownRegions = (
				en,
				Base,
			);
			mainGroup = 3032386D2A00A876008A8093;
			productRefGroup = 303238772A00A876008A8093 /* Products */;
			projectDirPath = "";
			projectRoot = "";
			targets = (
				303238752A00A876008A8093 /* ForJOY */,
			);
		};
/* End PBXProject section */

/* Begin PBXResourcesBuildPhase section */
		303238742A00A876008A8093 /* Resources */ = {
			isa = PBXResourcesBuildPhase;
			buildActionMask = 2147483647;
			files = (
				303238812A00A876008A8093 /* Preview Assets.xcassets in Resources */,
				3032387E2A00A876008A8093 /* Assets.xcassets in Resources */,
			);
			runOnlyForDeploymentPostprocessing = 0;
		};
/* End PBXResourcesBuildPhase section */

/* Begin PBXSourcesBuildPhase section */
		303238722A00A876008A8093 /* Sources */ = {
			isa = PBXSourcesBuildPhase;
			buildActionMask = 2147483647;
			files = (
				30BDADED2A034DB7000BDA8F /* RecordingListView.swift in Sources */,
				30BDADE72A034DB7000BDA8F /* VoiceViewModel.swift in Sources */,
				30BDADEB2A034DB7000BDA8F /* DecibelView.swift in Sources */,
				303238882A00B3BB008A8093 /* SelectYearView.swift in Sources */,
				3032387A2A00A876008A8093 /* ForJOYApp.swift in Sources */,
				5B52BECE2A03590900320ECD /* CameraViewModel.swift in Sources */,
				3032388E2A033332008A8093 /* ContentView.swift in Sources */,
				3032388D2A0208D8008A8093 /* TestModel.swift in Sources */,
				30BDADEC2A034DB7000BDA8F /* TimerView.swift in Sources */,
				30BDADEA2A034DB7000BDA8F /* convertSecToMinAndHour.swift in Sources */,
				30BDADEE2A034DB7000BDA8F /* VoiceView.swift in Sources */,
				30BDADE62A034DB7000BDA8F /* CircularProgressView.swift in Sources */,
				3078143F2A08785D00231E6F /* TestViewModel.swift in Sources */,
				5B52BED02A03592400320ECD /* CameraView.swift in Sources */,
				BE522DFD2A05A48D00D4AEEA /* CarouselView.swift in Sources */,
				BECC97372A05A54700E27120 /* CardView.swift in Sources */,
				AA44E15B2A089F9500DB9601 /* GlobalStore.swift in Sources */,
				5B52BECC2A0358EA00320ECD /* Camera.swift in Sources */,
				3032388B2A00B89E008A8093 /* Ref.swift in Sources */,
				D9F0DC622A0353D3002CE5E5 /* RecAnimationView.swift in Sources */,
				30BDADE92A034DB7000BDA8F /* Date.swift in Sources */,
				30BDADE82A034DB7000BDA8F /* Recording.swift in Sources */,
			);
			runOnlyForDeploymentPostprocessing = 0;
		};
/* End PBXSourcesBuildPhase section */

/* Begin XCBuildConfiguration section */
		303238822A00A876008A8093 /* Debug */ = {
			isa = XCBuildConfiguration;
			buildSettings = {
				ALWAYS_SEARCH_USER_PATHS = NO;
				CLANG_ANALYZER_NONNULL = YES;
				CLANG_ANALYZER_NUMBER_OBJECT_CONVERSION = YES_AGGRESSIVE;
				CLANG_CXX_LANGUAGE_STANDARD = "gnu++20";
				CLANG_ENABLE_MODULES = YES;
				CLANG_ENABLE_OBJC_ARC = YES;
				CLANG_ENABLE_OBJC_WEAK = YES;
				CLANG_WARN_BLOCK_CAPTURE_AUTORELEASING = YES;
				CLANG_WARN_BOOL_CONVERSION = YES;
				CLANG_WARN_COMMA = YES;
				CLANG_WARN_CONSTANT_CONVERSION = YES;
				CLANG_WARN_DEPRECATED_OBJC_IMPLEMENTATIONS = YES;
				CLANG_WARN_DIRECT_OBJC_ISA_USAGE = YES_ERROR;
				CLANG_WARN_DOCUMENTATION_COMMENTS = YES;
				CLANG_WARN_EMPTY_BODY = YES;
				CLANG_WARN_ENUM_CONVERSION = YES;
				CLANG_WARN_INFINITE_RECURSION = YES;
				CLANG_WARN_INT_CONVERSION = YES;
				CLANG_WARN_NON_LITERAL_NULL_CONVERSION = YES;
				CLANG_WARN_OBJC_IMPLICIT_RETAIN_SELF = YES;
				CLANG_WARN_OBJC_LITERAL_CONVERSION = YES;
				CLANG_WARN_OBJC_ROOT_CLASS = YES_ERROR;
				CLANG_WARN_QUOTED_INCLUDE_IN_FRAMEWORK_HEADER = YES;
				CLANG_WARN_RANGE_LOOP_ANALYSIS = YES;
				CLANG_WARN_STRICT_PROTOTYPES = YES;
				CLANG_WARN_SUSPICIOUS_MOVE = YES;
				CLANG_WARN_UNGUARDED_AVAILABILITY = YES_AGGRESSIVE;
				CLANG_WARN_UNREACHABLE_CODE = YES;
				CLANG_WARN__DUPLICATE_METHOD_MATCH = YES;
				COPY_PHASE_STRIP = NO;
				DEBUG_INFORMATION_FORMAT = dwarf;
				ENABLE_STRICT_OBJC_MSGSEND = YES;
				ENABLE_TESTABILITY = YES;
				GCC_C_LANGUAGE_STANDARD = gnu11;
				GCC_DYNAMIC_NO_PIC = NO;
				GCC_NO_COMMON_BLOCKS = YES;
				GCC_OPTIMIZATION_LEVEL = 0;
				GCC_PREPROCESSOR_DEFINITIONS = (
					"DEBUG=1",
					"$(inherited)",
				);
				GCC_WARN_64_TO_32_BIT_CONVERSION = YES;
				GCC_WARN_ABOUT_RETURN_TYPE = YES_ERROR;
				GCC_WARN_UNDECLARED_SELECTOR = YES;
				GCC_WARN_UNINITIALIZED_AUTOS = YES_AGGRESSIVE;
				GCC_WARN_UNUSED_FUNCTION = YES;
				GCC_WARN_UNUSED_VARIABLE = YES;
				IPHONEOS_DEPLOYMENT_TARGET = 16.2;
				MTL_ENABLE_DEBUG_INFO = INCLUDE_SOURCE;
				MTL_FAST_MATH = YES;
				ONLY_ACTIVE_ARCH = YES;
				SDKROOT = iphoneos;
				SWIFT_ACTIVE_COMPILATION_CONDITIONS = DEBUG;
				SWIFT_OPTIMIZATION_LEVEL = "-Onone";
			};
			name = Debug;
		};
		303238832A00A876008A8093 /* Release */ = {
			isa = XCBuildConfiguration;
			buildSettings = {
				ALWAYS_SEARCH_USER_PATHS = NO;
				CLANG_ANALYZER_NONNULL = YES;
				CLANG_ANALYZER_NUMBER_OBJECT_CONVERSION = YES_AGGRESSIVE;
				CLANG_CXX_LANGUAGE_STANDARD = "gnu++20";
				CLANG_ENABLE_MODULES = YES;
				CLANG_ENABLE_OBJC_ARC = YES;
				CLANG_ENABLE_OBJC_WEAK = YES;
				CLANG_WARN_BLOCK_CAPTURE_AUTORELEASING = YES;
				CLANG_WARN_BOOL_CONVERSION = YES;
				CLANG_WARN_COMMA = YES;
				CLANG_WARN_CONSTANT_CONVERSION = YES;
				CLANG_WARN_DEPRECATED_OBJC_IMPLEMENTATIONS = YES;
				CLANG_WARN_DIRECT_OBJC_ISA_USAGE = YES_ERROR;
				CLANG_WARN_DOCUMENTATION_COMMENTS = YES;
				CLANG_WARN_EMPTY_BODY = YES;
				CLANG_WARN_ENUM_CONVERSION = YES;
				CLANG_WARN_INFINITE_RECURSION = YES;
				CLANG_WARN_INT_CONVERSION = YES;
				CLANG_WARN_NON_LITERAL_NULL_CONVERSION = YES;
				CLANG_WARN_OBJC_IMPLICIT_RETAIN_SELF = YES;
				CLANG_WARN_OBJC_LITERAL_CONVERSION = YES;
				CLANG_WARN_OBJC_ROOT_CLASS = YES_ERROR;
				CLANG_WARN_QUOTED_INCLUDE_IN_FRAMEWORK_HEADER = YES;
				CLANG_WARN_RANGE_LOOP_ANALYSIS = YES;
				CLANG_WARN_STRICT_PROTOTYPES = YES;
				CLANG_WARN_SUSPICIOUS_MOVE = YES;
				CLANG_WARN_UNGUARDED_AVAILABILITY = YES_AGGRESSIVE;
				CLANG_WARN_UNREACHABLE_CODE = YES;
				CLANG_WARN__DUPLICATE_METHOD_MATCH = YES;
				COPY_PHASE_STRIP = NO;
				DEBUG_INFORMATION_FORMAT = "dwarf-with-dsym";
				ENABLE_NS_ASSERTIONS = NO;
				ENABLE_STRICT_OBJC_MSGSEND = YES;
				GCC_C_LANGUAGE_STANDARD = gnu11;
				GCC_NO_COMMON_BLOCKS = YES;
				GCC_WARN_64_TO_32_BIT_CONVERSION = YES;
				GCC_WARN_ABOUT_RETURN_TYPE = YES_ERROR;
				GCC_WARN_UNDECLARED_SELECTOR = YES;
				GCC_WARN_UNINITIALIZED_AUTOS = YES_AGGRESSIVE;
				GCC_WARN_UNUSED_FUNCTION = YES;
				GCC_WARN_UNUSED_VARIABLE = YES;
				IPHONEOS_DEPLOYMENT_TARGET = 16.2;
				MTL_ENABLE_DEBUG_INFO = NO;
				MTL_FAST_MATH = YES;
				SDKROOT = iphoneos;
				SWIFT_COMPILATION_MODE = wholemodule;
				SWIFT_OPTIMIZATION_LEVEL = "-O";
				VALIDATE_PRODUCT = YES;
			};
			name = Release;
		};
		303238852A00A876008A8093 /* Debug */ = {
			isa = XCBuildConfiguration;
			buildSettings = {
				ASSETCATALOG_COMPILER_APPICON_NAME = AppIcon;
				ASSETCATALOG_COMPILER_GLOBAL_ACCENT_COLOR_NAME = AccentColor;
				CODE_SIGN_STYLE = Automatic;
				CURRENT_PROJECT_VERSION = 1;
				DEVELOPMENT_ASSET_PATHS = "\"ForJOY/Preview Content\"";
				DEVELOPMENT_TEAM = 5Z238234D5;
				ENABLE_PREVIEWS = YES;
				GENERATE_INFOPLIST_FILE = YES;
				INFOPLIST_KEY_NSCameraUsageDescription = "";
				INFOPLIST_KEY_NSPhotoLibraryAddUsageDescription = "";
				INFOPLIST_KEY_NSPhotoLibraryUsageDescription = "";
				INFOPLIST_KEY_UIApplicationSceneManifest_Generation = YES;
				INFOPLIST_KEY_UIApplicationSupportsIndirectInputEvents = YES;
				INFOPLIST_KEY_UILaunchScreen_Generation = YES;
				INFOPLIST_KEY_UISupportedInterfaceOrientations_iPad = "UIInterfaceOrientationPortrait UIInterfaceOrientationPortraitUpsideDown UIInterfaceOrientationLandscapeLeft UIInterfaceOrientationLandscapeRight";
				INFOPLIST_KEY_UISupportedInterfaceOrientations_iPhone = "UIInterfaceOrientationPortrait UIInterfaceOrientationLandscapeLeft UIInterfaceOrientationLandscapeRight";
				LD_RUNPATH_SEARCH_PATHS = (
					"$(inherited)",
					"@executable_path/Frameworks",
				);
				MARKETING_VERSION = 1.0;
				PRODUCT_BUNDLE_IDENTIFIER = papajoy.ForJOY;
				PRODUCT_NAME = "$(TARGET_NAME)";
				SWIFT_EMIT_LOC_STRINGS = YES;
				SWIFT_VERSION = 5.0;
				TARGETED_DEVICE_FAMILY = "1,2";
			};
			name = Debug;
		};
		303238862A00A876008A8093 /* Release */ = {
			isa = XCBuildConfiguration;
			buildSettings = {
				ASSETCATALOG_COMPILER_APPICON_NAME = AppIcon;
				ASSETCATALOG_COMPILER_GLOBAL_ACCENT_COLOR_NAME = AccentColor;
				CODE_SIGN_STYLE = Automatic;
				CURRENT_PROJECT_VERSION = 1;
				DEVELOPMENT_ASSET_PATHS = "\"ForJOY/Preview Content\"";
				DEVELOPMENT_TEAM = 5Z238234D5;
				ENABLE_PREVIEWS = YES;
				GENERATE_INFOPLIST_FILE = YES;
				INFOPLIST_KEY_NSCameraUsageDescription = "";
				INFOPLIST_KEY_NSPhotoLibraryAddUsageDescription = "";
				INFOPLIST_KEY_NSPhotoLibraryUsageDescription = "";
				INFOPLIST_KEY_UIApplicationSceneManifest_Generation = YES;
				INFOPLIST_KEY_UIApplicationSupportsIndirectInputEvents = YES;
				INFOPLIST_KEY_UILaunchScreen_Generation = YES;
				INFOPLIST_KEY_UISupportedInterfaceOrientations_iPad = "UIInterfaceOrientationPortrait UIInterfaceOrientationPortraitUpsideDown UIInterfaceOrientationLandscapeLeft UIInterfaceOrientationLandscapeRight";
				INFOPLIST_KEY_UISupportedInterfaceOrientations_iPhone = "UIInterfaceOrientationPortrait UIInterfaceOrientationLandscapeLeft UIInterfaceOrientationLandscapeRight";
				LD_RUNPATH_SEARCH_PATHS = (
					"$(inherited)",
					"@executable_path/Frameworks",
				);
				MARKETING_VERSION = 1.0;
				PRODUCT_BUNDLE_IDENTIFIER = papajoy.ForJOY;
				PRODUCT_NAME = "$(TARGET_NAME)";
				SWIFT_EMIT_LOC_STRINGS = YES;
				SWIFT_VERSION = 5.0;
				TARGETED_DEVICE_FAMILY = "1,2";
			};
			name = Release;
		};
/* End XCBuildConfiguration section */

/* Begin XCConfigurationList section */
		303238712A00A876008A8093 /* Build configuration list for PBXProject "ForJOY" */ = {
			isa = XCConfigurationList;
			buildConfigurations = (
				303238822A00A876008A8093 /* Debug */,
				303238832A00A876008A8093 /* Release */,
			);
			defaultConfigurationIsVisible = 0;
			defaultConfigurationName = Release;
		};
		303238842A00A876008A8093 /* Build configuration list for PBXNativeTarget "ForJOY" */ = {
			isa = XCConfigurationList;
			buildConfigurations = (
				303238852A00A876008A8093 /* Debug */,
				303238862A00A876008A8093 /* Release */,
			);
			defaultConfigurationIsVisible = 0;
			defaultConfigurationName = Release;
		};
/* End XCConfigurationList section */
	};
	rootObject = 3032386E2A00A876008A8093 /* Project object */;
}
