// !$*UTF8*$!
{
	archiveVersion = 1;
	classes = {
	};
	objectVersion = 56;
	objects = {

/* Begin PBXBuildFile section */
		3032387A2A00A876008A8093 /* ForJOYApp.swift in Sources */ = {isa = PBXBuildFile; fileRef = 303238792A00A876008A8093 /* ForJOYApp.swift */; };
		3032387C2A00A876008A8093 /* ContentView.swift in Sources */ = {isa = PBXBuildFile; fileRef = 3032387B2A00A876008A8093 /* ContentView.swift */; };
		3032387E2A00A876008A8093 /* Assets.xcassets in Resources */ = {isa = PBXBuildFile; fileRef = 3032387D2A00A876008A8093 /* Assets.xcassets */; };
		303238812A00A876008A8093 /* Preview Assets.xcassets in Resources */ = {isa = PBXBuildFile; fileRef = 303238802A00A876008A8093 /* Preview Assets.xcassets */; };
		303238882A00B3BB008A8093 /* SelectYearView.swift in Sources */ = {isa = PBXBuildFile; fileRef = 303238872A00B3BB008A8093 /* SelectYearView.swift */; };
		3032388B2A00B89E008A8093 /* Ref.swift in Sources */ = {isa = PBXBuildFile; fileRef = 3032388A2A00B89E008A8093 /* Ref.swift */; };
		3032388D2A0208D8008A8093 /* TestModel.swift in Sources */ = {isa = PBXBuildFile; fileRef = 3032388C2A0208D8008A8093 /* TestModel.swift */; };
		5B52BDFC2A00AC7700320ECD /* NYTest.swift in Sources */ = {isa = PBXBuildFile; fileRef = 5B52BDFB2A00AC7700320ECD /* NYTest.swift */; };
		AAA344442A00B1CF009307B0 /* JOYTest.swift in Sources */ = {isa = PBXBuildFile; fileRef = AAA344432A00B1CF009307B0 /* JOYTest.swift */; };
		BEBFF85F2A00AAAE00600556 /* SunTest.swift in Sources */ = {isa = PBXBuildFile; fileRef = BEBFF85E2A00AAAE00600556 /* SunTest.swift */; };
		D97A198A2A00AFDB0053E12D /* oliveView.swift in Sources */ = {isa = PBXBuildFile; fileRef = D97A19892A00AFDB0053E12D /* oliveView.swift */; };
		E697EBB72A00ACA2002ADCC1 /* Helia.swift in Sources */ = {isa = PBXBuildFile; fileRef = E697EBB62A00ACA2002ADCC1 /* Helia.swift */; };
/* End PBXBuildFile section */

/* Begin PBXFileReference section */
		303238762A00A876008A8093 /* ForJOY.app */ = {isa = PBXFileReference; explicitFileType = wrapper.application; includeInIndex = 0; path = ForJOY.app; sourceTree = BUILT_PRODUCTS_DIR; };
		303238792A00A876008A8093 /* ForJOYApp.swift */ = {isa = PBXFileReference; lastKnownFileType = sourcecode.swift; path = ForJOYApp.swift; sourceTree = "<group>"; };
		3032387B2A00A876008A8093 /* ContentView.swift */ = {isa = PBXFileReference; lastKnownFileType = sourcecode.swift; path = ContentView.swift; sourceTree = "<group>"; };
		3032387D2A00A876008A8093 /* Assets.xcassets */ = {isa = PBXFileReference; lastKnownFileType = folder.assetcatalog; path = Assets.xcassets; sourceTree = "<group>"; };
		303238802A00A876008A8093 /* Preview Assets.xcassets */ = {isa = PBXFileReference; lastKnownFileType = folder.assetcatalog; path = "Preview Assets.xcassets"; sourceTree = "<group>"; };
		303238872A00B3BB008A8093 /* SelectYearView.swift */ = {isa = PBXFileReference; lastKnownFileType = sourcecode.swift; path = SelectYearView.swift; sourceTree = "<group>"; };
		3032388A2A00B89E008A8093 /* Ref.swift */ = {isa = PBXFileReference; lastKnownFileType = sourcecode.swift; path = Ref.swift; sourceTree = "<group>"; };
		3032388C2A0208D8008A8093 /* TestModel.swift */ = {isa = PBXFileReference; lastKnownFileType = sourcecode.swift; path = TestModel.swift; sourceTree = "<group>"; };
		5B52BDFB2A00AC7700320ECD /* NYTest.swift */ = {isa = PBXFileReference; lastKnownFileType = sourcecode.swift; path = NYTest.swift; sourceTree = "<group>"; };
		AAA344432A00B1CF009307B0 /* JOYTest.swift */ = {isa = PBXFileReference; lastKnownFileType = sourcecode.swift; path = JOYTest.swift; sourceTree = "<group>"; };
		BEBFF85E2A00AAAE00600556 /* SunTest.swift */ = {isa = PBXFileReference; lastKnownFileType = sourcecode.swift; path = SunTest.swift; sourceTree = "<group>"; };
		D97A19892A00AFDB0053E12D /* oliveView.swift */ = {isa = PBXFileReference; lastKnownFileType = sourcecode.swift; path = oliveView.swift; sourceTree = "<group>"; };
		E697EBB62A00ACA2002ADCC1 /* Helia.swift */ = {isa = PBXFileReference; lastKnownFileType = sourcecode.swift; path = Helia.swift; sourceTree = "<group>"; };
/* End PBXFileReference section */

/* Begin PBXFrameworksBuildPhase section */
		303238732A00A876008A8093 /* Frameworks */ = {
			isa = PBXFrameworksBuildPhase;
			buildActionMask = 2147483647;
			files = (
			);
			runOnlyForDeploymentPostprocessing = 0;
		};
/* End PBXFrameworksBuildPhase section */

/* Begin PBXGroup section */
		3032386D2A00A876008A8093 = {
			isa = PBXGroup;
			children = (
				303238782A00A876008A8093 /* ForJOY */,
				303238772A00A876008A8093 /* Products */,
			);
			sourceTree = "<group>";
		};
		303238772A00A876008A8093 /* Products */ = {
			isa = PBXGroup;
			children = (
				303238762A00A876008A8093 /* ForJOY.app */,
			);
			name = Products;
			sourceTree = "<group>";
		};
		303238782A00A876008A8093 /* ForJOY */ = {
			isa = PBXGroup;
			children = (
				303238892A00B3D2008A8093 /* Test */,
				303238792A00A876008A8093 /* ForJOYApp.swift */,
				3032388A2A00B89E008A8093 /* Ref.swift */,
				303238872A00B3BB008A8093 /* SelectYearView.swift */,
				3032388C2A0208D8008A8093 /* TestModel.swift */,
				3032387B2A00A876008A8093 /* ContentView.swift */,
				3032387D2A00A876008A8093 /* Assets.xcassets */,
				3032387F2A00A876008A8093 /* Preview Content */,
			);
			path = ForJOY;
			sourceTree = "<group>";
		};
		3032387F2A00A876008A8093 /* Preview Content */ = {
			isa = PBXGroup;
			children = (
				303238802A00A876008A8093 /* Preview Assets.xcassets */,
			);
			path = "Preview Content";
			sourceTree = "<group>";
		};
		303238892A00B3D2008A8093 /* Test */ = {
			isa = PBXGroup;
			children = (
				D97A19892A00AFDB0053E12D /* oliveView.swift */,
				5B52BDFB2A00AC7700320ECD /* NYTest.swift */,
				AAA344432A00B1CF009307B0 /* JOYTest.swift */,
				BEBFF85E2A00AAAE00600556 /* SunTest.swift */,
				E697EBB62A00ACA2002ADCC1 /* Helia.swift */,
			);
			path = Test;
			sourceTree = "<group>";
		};
/* End PBXGroup section */

/* Begin PBXNativeTarget section */
		303238752A00A876008A8093 /* ForJOY */ = {
			isa = PBXNativeTarget;
			buildConfigurationList = 303238842A00A876008A8093 /* Build configuration list for PBXNativeTarget "ForJOY" */;
			buildPhases = (
				303238722A00A876008A8093 /* Sources */,
				303238732A00A876008A8093 /* Frameworks */,
				303238742A00A876008A8093 /* Resources */,
			);
			buildRules = (
			);
			dependencies = (
			);
			name = ForJOY;
			productName = ForJOY;
			productReference = 303238762A00A876008A8093 /* ForJOY.app */;
			productType = "com.apple.product-type.application";
		};
/* End PBXNativeTarget section */

/* Begin PBXProject section */
		3032386E2A00A876008A8093 /* Project object */ = {
			isa = PBXProject;
			attributes = {
				BuildIndependentTargetsInParallel = 1;
				LastSwiftUpdateCheck = 1420;
				LastUpgradeCheck = 1420;
				TargetAttributes = {
					303238752A00A876008A8093 = {
						CreatedOnToolsVersion = 14.2;
					};
				};
			};
			buildConfigurationList = 303238712A00A876008A8093 /* Build configuration list for PBXProject "ForJOY" */;
			compatibilityVersion = "Xcode 14.0";
			developmentRegion = en;
			hasScannedForEncodings = 0;
			knownRegions = (
				en,
				Base,
			);
			mainGroup = 3032386D2A00A876008A8093;
			productRefGroup = 303238772A00A876008A8093 /* Products */;
			projectDirPath = "";
			projectRoot = "";
			targets = (
				303238752A00A876008A8093 /* ForJOY */,
			);
		};
/* End PBXProject section */

/* Begin PBXResourcesBuildPhase section */
		303238742A00A876008A8093 /* Resources */ = {
			isa = PBXResourcesBuildPhase;
			buildActionMask = 2147483647;
			files = (
				303238812A00A876008A8093 /* Preview Assets.xcassets in Resources */,
				3032387E2A00A876008A8093 /* Assets.xcassets in Resources */,
			);
			runOnlyForDeploymentPostprocessing = 0;
		};
/* End PBXResourcesBuildPhase section */

/* Begin PBXSourcesBuildPhase section */
		303238722A00A876008A8093 /* Sources */ = {
			isa = PBXSourcesBuildPhase;
			buildActionMask = 2147483647;
			files = (
				BEBFF85F2A00AAAE00600556 /* SunTest.swift in Sources */,
				E697EBB72A00ACA2002ADCC1 /* Helia.swift in Sources */,
				D97A198A2A00AFDB0053E12D /* oliveView.swift in Sources */,
				303238882A00B3BB008A8093 /* SelectYearView.swift in Sources */,
				3032387C2A00A876008A8093 /* ContentView.swift in Sources */,
				5B52BDFC2A00AC7700320ECD /* NYTest.swift in Sources */,
				3032387A2A00A876008A8093 /* ForJOYApp.swift in Sources */,
				3032388D2A0208D8008A8093 /* TestModel.swift in Sources */,
				AAA344442A00B1CF009307B0 /* JOYTest.swift in Sources */,
				3032388B2A00B89E008A8093 /* Ref.swift in Sources */,
			);
			runOnlyForDeploymentPostprocessing = 0;
		};
/* End PBXSourcesBuildPhase section */

/* Begin XCBuildConfiguration section */
		303238822A00A876008A8093 /* Debug */ = {
			isa = XCBuildConfiguration;
			buildSettings = {
				ALWAYS_SEARCH_USER_PATHS = NO;
				CLANG_ANALYZER_NONNULL = YES;
				CLANG_ANALYZER_NUMBER_OBJECT_CONVERSION = YES_AGGRESSIVE;
				CLANG_CXX_LANGUAGE_STANDARD = "gnu++20";
				CLANG_ENABLE_MODULES = YES;
				CLANG_ENABLE_OBJC_ARC = YES;
				CLANG_ENABLE_OBJC_WEAK = YES;
				CLANG_WARN_BLOCK_CAPTURE_AUTORELEASING = YES;
				CLANG_WARN_BOOL_CONVERSION = YES;
				CLANG_WARN_COMMA = YES;
				CLANG_WARN_CONSTANT_CONVERSION = YES;
				CLANG_WARN_DEPRECATED_OBJC_IMPLEMENTATIONS = YES;
				CLANG_WARN_DIRECT_OBJC_ISA_USAGE = YES_ERROR;
				CLANG_WARN_DOCUMENTATION_COMMENTS = YES;
				CLANG_WARN_EMPTY_BODY = YES;
				CLANG_WARN_ENUM_CONVERSION = YES;
				CLANG_WARN_INFINITE_RECURSION = YES;
				CLANG_WARN_INT_CONVERSION = YES;
				CLANG_WARN_NON_LITERAL_NULL_CONVERSION = YES;
				CLANG_WARN_OBJC_IMPLICIT_RETAIN_SELF = YES;
				CLANG_WARN_OBJC_LITERAL_CONVERSION = YES;
				CLANG_WARN_OBJC_ROOT_CLASS = YES_ERROR;
				CLANG_WARN_QUOTED_INCLUDE_IN_FRAMEWORK_HEADER = YES;
				CLANG_WARN_RANGE_LOOP_ANALYSIS = YES;
				CLANG_WARN_STRICT_PROTOTYPES = YES;
				CLANG_WARN_SUSPICIOUS_MOVE = YES;
				CLANG_WARN_UNGUARDED_AVAILABILITY = YES_AGGRESSIVE;
				CLANG_WARN_UNREACHABLE_CODE = YES;
				CLANG_WARN__DUPLICATE_METHOD_MATCH = YES;
				COPY_PHASE_STRIP = NO;
				DEBUG_INFORMATION_FORMAT = dwarf;
				ENABLE_STRICT_OBJC_MSGSEND = YES;
				ENABLE_TESTABILITY = YES;
				GCC_C_LANGUAGE_STANDARD = gnu11;
				GCC_DYNAMIC_NO_PIC = NO;
				GCC_NO_COMMON_BLOCKS = YES;
				GCC_OPTIMIZATION_LEVEL = 0;
				GCC_PREPROCESSOR_DEFINITIONS = (
					"DEBUG=1",
					"$(inherited)",
				);
				GCC_WARN_64_TO_32_BIT_CONVERSION = YES;
				GCC_WARN_ABOUT_RETURN_TYPE = YES_ERROR;
				GCC_WARN_UNDECLARED_SELECTOR = YES;
				GCC_WARN_UNINITIALIZED_AUTOS = YES_AGGRESSIVE;
				GCC_WARN_UNUSED_FUNCTION = YES;
				GCC_WARN_UNUSED_VARIABLE = YES;
				IPHONEOS_DEPLOYMENT_TARGET = 16.2;
				MTL_ENABLE_DEBUG_INFO = INCLUDE_SOURCE;
				MTL_FAST_MATH = YES;
				ONLY_ACTIVE_ARCH = YES;
				SDKROOT = iphoneos;
				SWIFT_ACTIVE_COMPILATION_CONDITIONS = DEBUG;
				SWIFT_OPTIMIZATION_LEVEL = "-Onone";
			};
			name = Debug;
		};
		303238832A00A876008A8093 /* Release */ = {
			isa = XCBuildConfiguration;
			buildSettings = {
				ALWAYS_SEARCH_USER_PATHS = NO;
				CLANG_ANALYZER_NONNULL = YES;
				CLANG_ANALYZER_NUMBER_OBJECT_CONVERSION = YES_AGGRESSIVE;
				CLANG_CXX_LANGUAGE_STANDARD = "gnu++20";
				CLANG_ENABLE_MODULES = YES;
				CLANG_ENABLE_OBJC_ARC = YES;
				CLANG_ENABLE_OBJC_WEAK = YES;
				CLANG_WARN_BLOCK_CAPTURE_AUTORELEASING = YES;
				CLANG_WARN_BOOL_CONVERSION = YES;
				CLANG_WARN_COMMA = YES;
				CLANG_WARN_CONSTANT_CONVERSION = YES;
				CLANG_WARN_DEPRECATED_OBJC_IMPLEMENTATIONS = YES;
				CLANG_WARN_DIRECT_OBJC_ISA_USAGE = YES_ERROR;
				CLANG_WARN_DOCUMENTATION_COMMENTS = YES;
				CLANG_WARN_EMPTY_BODY = YES;
				CLANG_WARN_ENUM_CONVERSION = YES;
				CLANG_WARN_INFINITE_RECURSION = YES;
				CLANG_WARN_INT_CONVERSION = YES;
				CLANG_WARN_NON_LITERAL_NULL_CONVERSION = YES;
				CLANG_WARN_OBJC_IMPLICIT_RETAIN_SELF = YES;
				CLANG_WARN_OBJC_LITERAL_CONVERSION = YES;
				CLANG_WARN_OBJC_ROOT_CLASS = YES_ERROR;
				CLANG_WARN_QUOTED_INCLUDE_IN_FRAMEWORK_HEADER = YES;
				CLANG_WARN_RANGE_LOOP_ANALYSIS = YES;
				CLANG_WARN_STRICT_PROTOTYPES = YES;
				CLANG_WARN_SUSPICIOUS_MOVE = YES;
				CLANG_WARN_UNGUARDED_AVAILABILITY = YES_AGGRESSIVE;
				CLANG_WARN_UNREACHABLE_CODE = YES;
				CLANG_WARN__DUPLICATE_METHOD_MATCH = YES;
				COPY_PHASE_STRIP = NO;
				DEBUG_INFORMATION_FORMAT = "dwarf-with-dsym";
				ENABLE_NS_ASSERTIONS = NO;
				ENABLE_STRICT_OBJC_MSGSEND = YES;
				GCC_C_LANGUAGE_STANDARD = gnu11;
				GCC_NO_COMMON_BLOCKS = YES;
				GCC_WARN_64_TO_32_BIT_CONVERSION = YES;
				GCC_WARN_ABOUT_RETURN_TYPE = YES_ERROR;
				GCC_WARN_UNDECLARED_SELECTOR = YES;
				GCC_WARN_UNINITIALIZED_AUTOS = YES_AGGRESSIVE;
				GCC_WARN_UNUSED_FUNCTION = YES;
				GCC_WARN_UNUSED_VARIABLE = YES;
				IPHONEOS_DEPLOYMENT_TARGET = 16.2;
				MTL_ENABLE_DEBUG_INFO = NO;
				MTL_FAST_MATH = YES;
				SDKROOT = iphoneos;
				SWIFT_COMPILATION_MODE = wholemodule;
				SWIFT_OPTIMIZATION_LEVEL = "-O";
				VALIDATE_PRODUCT = YES;
			};
			name = Release;
		};
		303238852A00A876008A8093 /* Debug */ = {
			isa = XCBuildConfiguration;
			buildSettings = {
				ASSETCATALOG_COMPILER_APPICON_NAME = AppIcon;
				ASSETCATALOG_COMPILER_GLOBAL_ACCENT_COLOR_NAME = AccentColor;
				CODE_SIGN_STYLE = Automatic;
				CURRENT_PROJECT_VERSION = 1;
				DEVELOPMENT_ASSET_PATHS = "\"ForJOY/Preview Content\"";
				ENABLE_PREVIEWS = YES;
				GENERATE_INFOPLIST_FILE = YES;
				INFOPLIST_KEY_UIApplicationSceneManifest_Generation = YES;
				INFOPLIST_KEY_UIApplicationSupportsIndirectInputEvents = YES;
				INFOPLIST_KEY_UILaunchScreen_Generation = YES;
				INFOPLIST_KEY_UISupportedInterfaceOrientations_iPad = "UIInterfaceOrientationPortrait UIInterfaceOrientationPortraitUpsideDown UIInterfaceOrientationLandscapeLeft UIInterfaceOrientationLandscapeRight";
				INFOPLIST_KEY_UISupportedInterfaceOrientations_iPhone = "UIInterfaceOrientationPortrait UIInterfaceOrientationLandscapeLeft UIInterfaceOrientationLandscapeRight";
				LD_RUNPATH_SEARCH_PATHS = (
					"$(inherited)",
					"@executable_path/Frameworks",
				);
				MARKETING_VERSION = 1.0;
				PRODUCT_BUNDLE_IDENTIFIER = papajoy.ForJOY;
				PRODUCT_NAME = "$(TARGET_NAME)";
				SWIFT_EMIT_LOC_STRINGS = YES;
				SWIFT_VERSION = 5.0;
				TARGETED_DEVICE_FAMILY = "1,2";
			};
			name = Debug;
		};
		303238862A00A876008A8093 /* Release */ = {
			isa = XCBuildConfiguration;
			buildSettings = {
				ASSETCATALOG_COMPILER_APPICON_NAME = AppIcon;
				ASSETCATALOG_COMPILER_GLOBAL_ACCENT_COLOR_NAME = AccentColor;
				CODE_SIGN_STYLE = Automatic;
				CURRENT_PROJECT_VERSION = 1;
				DEVELOPMENT_ASSET_PATHS = "\"ForJOY/Preview Content\"";
				ENABLE_PREVIEWS = YES;
				GENERATE_INFOPLIST_FILE = YES;
				INFOPLIST_KEY_UIApplicationSceneManifest_Generation = YES;
				INFOPLIST_KEY_UIApplicationSupportsIndirectInputEvents = YES;
				INFOPLIST_KEY_UILaunchScreen_Generation = YES;
				INFOPLIST_KEY_UISupportedInterfaceOrientations_iPad = "UIInterfaceOrientationPortrait UIInterfaceOrientationPortraitUpsideDown UIInterfaceOrientationLandscapeLeft UIInterfaceOrientationLandscapeRight";
				INFOPLIST_KEY_UISupportedInterfaceOrientations_iPhone = "UIInterfaceOrientationPortrait UIInterfaceOrientationLandscapeLeft UIInterfaceOrientationLandscapeRight";
				LD_RUNPATH_SEARCH_PATHS = (
					"$(inherited)",
					"@executable_path/Frameworks",
				);
				MARKETING_VERSION = 1.0;
				PRODUCT_BUNDLE_IDENTIFIER = papajoy.ForJOY;
				PRODUCT_NAME = "$(TARGET_NAME)";
				SWIFT_EMIT_LOC_STRINGS = YES;
				SWIFT_VERSION = 5.0;
				TARGETED_DEVICE_FAMILY = "1,2";
			};
			name = Release;
		};
/* End XCBuildConfiguration section */

/* Begin XCConfigurationList section */
		303238712A00A876008A8093 /* Build configuration list for PBXProject "ForJOY" */ = {
			isa = XCConfigurationList;
			buildConfigurations = (
				303238822A00A876008A8093 /* Debug */,
				303238832A00A876008A8093 /* Release */,
			);
			defaultConfigurationIsVisible = 0;
			defaultConfigurationName = Release;
		};
		303238842A00A876008A8093 /* Build configuration list for PBXNativeTarget "ForJOY" */ = {
			isa = XCConfigurationList;
			buildConfigurations = (
				303238852A00A876008A8093 /* Debug */,
				303238862A00A876008A8093 /* Release */,
			);
			defaultConfigurationIsVisible = 0;
			defaultConfigurationName = Release;
		};
/* End XCConfigurationList section */
	};
	rootObject = 3032386E2A00A876008A8093 /* Project object */;
}
