// !$*UTF8*$!
{
	archiveVersion = 1;
	classes = {
	};
	objectVersion = 56;
	objects = {

/* Begin PBXBuildFile section */
		0E40FB022A0C904C00AFA66D /* AddDoneView.swift in Sources */ = {isa = PBXBuildFile; fileRef = 0E40FB012A0C904C00AFA66D /* AddDoneView.swift */; };
		0E484E292A515E96002F9C9A /* ImagePicker.swift in Sources */ = {isa = PBXBuildFile; fileRef = 0E484E282A515E96002F9C9A /* ImagePicker.swift */; };
		0E4E7DB92A10EDDA00D72E66 /* Memory.swift in Sources */ = {isa = PBXBuildFile; fileRef = 0E4E7DB82A10EDDA00D72E66 /* Memory.swift */; };
		0E4E7DE22A111CDE00D72E66 /* Tag.swift in Sources */ = {isa = PBXBuildFile; fileRef = 0E4E7DE12A111CDE00D72E66 /* Tag.swift */; };
		300D732B2A11D8A2007D38E9 /* Players.swift in Sources */ = {isa = PBXBuildFile; fileRef = 300D732A2A11D8A2007D38E9 /* Players.swift */; };
		301576B72A88B7D200BBA5A8 /* PhotoSelectButton.swift in Sources */ = {isa = PBXBuildFile; fileRef = 301576B62A88B7D200BBA5A8 /* PhotoSelectButton.swift */; };
		301576F62A90BF0100BBA5A8 /* RecordingAndInfoView.swift in Sources */ = {isa = PBXBuildFile; fileRef = 301576F52A90BF0100BBA5A8 /* RecordingAndInfoView.swift */; };
		3032387A2A00A876008A8093 /* ForJOYApp.swift in Sources */ = {isa = PBXBuildFile; fileRef = 303238792A00A876008A8093 /* ForJOYApp.swift */; };
		3032387E2A00A876008A8093 /* Assets.xcassets in Resources */ = {isa = PBXBuildFile; fileRef = 3032387D2A00A876008A8093 /* Assets.xcassets */; };
		303238812A00A876008A8093 /* Preview Assets.xcassets in Resources */ = {isa = PBXBuildFile; fileRef = 303238802A00A876008A8093 /* Preview Assets.xcassets */; };
		303238882A00B3BB008A8093 /* SelectYearView.swift in Sources */ = {isa = PBXBuildFile; fileRef = 303238872A00B3BB008A8093 /* SelectYearView.swift */; };
		3032388B2A00B89E008A8093 /* Ref.swift in Sources */ = {isa = PBXBuildFile; fileRef = 3032388A2A00B89E008A8093 /* Ref.swift */; };
		3037CB862A09DFF200E6A92E /* GalleryView.swift in Sources */ = {isa = PBXBuildFile; fileRef = 3037CB852A09DFF200E6A92E /* GalleryView.swift */; };
		3063F2C92A0E1B5900C56EBA /* (null) in Resources */ = {isa = PBXBuildFile; };
		3063F2CA2A0E1B5900C56EBA /* (null) in Resources */ = {isa = PBXBuildFile; };
		3063F2CC2A0E1BAA00C56EBA /* (null) in Sources */ = {isa = PBXBuildFile; };
		3063F2CE2A0E1BB500C56EBA /* (null) in Sources */ = {isa = PBXBuildFile; };
		3063F2D52A0FEE4900C56EBA /* panpare.json in Resources */ = {isa = PBXBuildFile; fileRef = 3063F2D32A0FEE4800C56EBA /* panpare.json */; };
		3063F2D62A0FEE4900C56EBA /* RecComplete2.json in Resources */ = {isa = PBXBuildFile; fileRef = 3063F2D42A0FEE4900C56EBA /* RecComplete2.json */; };
		30BDADE62A034DB7000BDA8F /* CircularProgressView.swift in Sources */ = {isa = PBXBuildFile; fileRef = 30BDADDA2A034DB7000BDA8F /* CircularProgressView.swift */; };
		30BDADE92A034DB7000BDA8F /* Date+.swift in Sources */ = {isa = PBXBuildFile; fileRef = 30BDADDF2A034DB7000BDA8F /* Date+.swift */; };
		30BDADEC2A034DB7000BDA8F /* TimerView.swift in Sources */ = {isa = PBXBuildFile; fileRef = 30BDADE32A034DB7000BDA8F /* TimerView.swift */; };
		30BDADEE2A034DB7000BDA8F /* VoiceView.swift in Sources */ = {isa = PBXBuildFile; fileRef = 30BDADE52A034DB7000BDA8F /* VoiceView.swift */; };
		30C74FA52A0D06EB0099DC1B /* InfoView.swift in Sources */ = {isa = PBXBuildFile; fileRef = 30C74FA42A0D06EB0099DC1B /* InfoView.swift */; };
		30C74FA72A0D06FE0099DC1B /* InfoTagView.swift in Sources */ = {isa = PBXBuildFile; fileRef = 30C74FA62A0D06FE0099DC1B /* InfoTagView.swift */; };
		5B08A50B2A147CB000496242 /* VoiceViewModel.swift in Sources */ = {isa = PBXBuildFile; fileRef = 5B08A50A2A147CB000496242 /* VoiceViewModel.swift */; };
		5BB7EF6C2A7FAAB6008E772A /* CoreDataManager.swift in Sources */ = {isa = PBXBuildFile; fileRef = 5BB7EF6B2A7FAAB6008E772A /* CoreDataManager.swift */; };
		5BB7EF6F2A7FAACB008E772A /* DataModel.xcdatamodeld in Sources */ = {isa = PBXBuildFile; fileRef = 5BB7EF6D2A7FAACB008E772A /* DataModel.xcdatamodeld */; };
		5BB7EF932A87B0EE008E772A /* Test.swift in Sources */ = {isa = PBXBuildFile; fileRef = 5BB7EF922A87B0EE008E772A /* Test.swift */; };
		5BF13D9A2A137846002DF1FA /* WidgetKit.framework in Frameworks */ = {isa = PBXBuildFile; fileRef = 5BF13D632A1373C5002DF1FA /* WidgetKit.framework */; };
		5BF13D9B2A137846002DF1FA /* SwiftUI.framework in Frameworks */ = {isa = PBXBuildFile; fileRef = 5BF13D652A1373C5002DF1FA /* SwiftUI.framework */; };
		5BF13D9E2A137846002DF1FA /* ForJoyWidgetBundle.swift in Sources */ = {isa = PBXBuildFile; fileRef = 5BF13D9D2A137846002DF1FA /* ForJoyWidgetBundle.swift */; };
		5BF13DA02A137846002DF1FA /* ForJoyWidgetLiveActivity.swift in Sources */ = {isa = PBXBuildFile; fileRef = 5BF13D9F2A137846002DF1FA /* ForJoyWidgetLiveActivity.swift */; };
		5BF13DA22A137846002DF1FA /* ForJoyWidget.swift in Sources */ = {isa = PBXBuildFile; fileRef = 5BF13DA12A137846002DF1FA /* ForJoyWidget.swift */; };
		5BF13DA52A137847002DF1FA /* Assets.xcassets in Resources */ = {isa = PBXBuildFile; fileRef = 5BF13DA42A137847002DF1FA /* Assets.xcassets */; };
		5BF13DA72A137847002DF1FA /* ForJoyWidget.intentdefinition in Sources */ = {isa = PBXBuildFile; fileRef = 5BF13DA32A137846002DF1FA /* ForJoyWidget.intentdefinition */; };
		5BF13DA82A137847002DF1FA /* ForJoyWidget.intentdefinition in Sources */ = {isa = PBXBuildFile; fileRef = 5BF13DA32A137846002DF1FA /* ForJoyWidget.intentdefinition */; };
		5BF13DAB2A137847002DF1FA /* ForJoyWidgetExtension.appex in Embed Foundation Extensions */ = {isa = PBXBuildFile; fileRef = 5BF13D992A137846002DF1FA /* ForJoyWidgetExtension.appex */; settings = {ATTRIBUTES = (RemoveHeadersOnCopy, ); }; };
		BE522DFD2A05A48D00D4AEEA /* CarouselView.swift in Sources */ = {isa = PBXBuildFile; fileRef = BE522DFC2A05A48D00D4AEEA /* CarouselView.swift */; };
		BECC97372A05A54700E27120 /* CardView.swift in Sources */ = {isa = PBXBuildFile; fileRef = BECC97362A05A54700E27120 /* CardView.swift */; };
		D92951642A0F643A00D7A7A7 /* LottieView.swift in Sources */ = {isa = PBXBuildFile; fileRef = D92951632A0F643A00D7A7A7 /* LottieView.swift */; };
		D92951672A0F648F00D7A7A7 /* Lottie in Frameworks */ = {isa = PBXBuildFile; productRef = D92951662A0F648F00D7A7A7 /* Lottie */; };
		D9BEE7D02A11DD0500868C80 /* SaveComplete2.json in Resources */ = {isa = PBXBuildFile; fileRef = D9BEE7CF2A11DD0500868C80 /* SaveComplete2.json */; };
/* End PBXBuildFile section */

/* Begin PBXContainerItemProxy section */
		5BF13DA92A137847002DF1FA /* PBXContainerItemProxy */ = {
			isa = PBXContainerItemProxy;
			containerPortal = 3032386E2A00A876008A8093 /* Project object */;
			proxyType = 1;
			remoteGlobalIDString = 5BF13D982A137846002DF1FA;
			remoteInfo = ForJoyWidgetExtension;
		};
/* End PBXContainerItemProxy section */

/* Begin PBXCopyFilesBuildPhase section */
		5BF13D772A1373C6002DF1FA /* Embed Foundation Extensions */ = {
			isa = PBXCopyFilesBuildPhase;
			buildActionMask = 2147483647;
			dstPath = "";
			dstSubfolderSpec = 13;
			files = (
				5BF13DAB2A137847002DF1FA /* ForJoyWidgetExtension.appex in Embed Foundation Extensions */,
			);
			name = "Embed Foundation Extensions";
			runOnlyForDeploymentPostprocessing = 0;
		};
/* End PBXCopyFilesBuildPhase section */

/* Begin PBXFileReference section */
		0E40FB012A0C904C00AFA66D /* AddDoneView.swift */ = {isa = PBXFileReference; lastKnownFileType = sourcecode.swift; path = AddDoneView.swift; sourceTree = "<group>"; };
		0E484E282A515E96002F9C9A /* ImagePicker.swift */ = {isa = PBXFileReference; lastKnownFileType = sourcecode.swift; path = ImagePicker.swift; sourceTree = "<group>"; };
		0E4E7DB82A10EDDA00D72E66 /* Memory.swift */ = {isa = PBXFileReference; lastKnownFileType = sourcecode.swift; path = Memory.swift; sourceTree = "<group>"; };
		0E4E7DE12A111CDE00D72E66 /* Tag.swift */ = {isa = PBXFileReference; lastKnownFileType = sourcecode.swift; path = Tag.swift; sourceTree = "<group>"; };
		300D732A2A11D8A2007D38E9 /* Players.swift */ = {isa = PBXFileReference; lastKnownFileType = sourcecode.swift; path = Players.swift; sourceTree = "<group>"; };
		301576B62A88B7D200BBA5A8 /* PhotoSelectButton.swift */ = {isa = PBXFileReference; lastKnownFileType = sourcecode.swift; path = PhotoSelectButton.swift; sourceTree = "<group>"; };
		301576F52A90BF0100BBA5A8 /* RecordingAndInfoView.swift */ = {isa = PBXFileReference; lastKnownFileType = sourcecode.swift; path = RecordingAndInfoView.swift; sourceTree = "<group>"; };
		303238762A00A876008A8093 /* ForJOY.app */ = {isa = PBXFileReference; explicitFileType = wrapper.application; includeInIndex = 0; path = ForJOY.app; sourceTree = BUILT_PRODUCTS_DIR; };
		303238792A00A876008A8093 /* ForJOYApp.swift */ = {isa = PBXFileReference; lastKnownFileType = sourcecode.swift; path = ForJOYApp.swift; sourceTree = "<group>"; };
		3032387D2A00A876008A8093 /* Assets.xcassets */ = {isa = PBXFileReference; lastKnownFileType = folder.assetcatalog; path = Assets.xcassets; sourceTree = "<group>"; };
		303238802A00A876008A8093 /* Preview Assets.xcassets */ = {isa = PBXFileReference; lastKnownFileType = folder.assetcatalog; path = "Preview Assets.xcassets"; sourceTree = "<group>"; };
		303238872A00B3BB008A8093 /* SelectYearView.swift */ = {isa = PBXFileReference; lastKnownFileType = sourcecode.swift; path = SelectYearView.swift; sourceTree = "<group>"; };
		3032388A2A00B89E008A8093 /* Ref.swift */ = {isa = PBXFileReference; lastKnownFileType = sourcecode.swift; path = Ref.swift; sourceTree = "<group>"; };
		3037CB852A09DFF200E6A92E /* GalleryView.swift */ = {isa = PBXFileReference; lastKnownFileType = sourcecode.swift; path = GalleryView.swift; sourceTree = "<group>"; };
		3063F2D32A0FEE4800C56EBA /* panpare.json */ = {isa = PBXFileReference; fileEncoding = 4; lastKnownFileType = text.json; path = panpare.json; sourceTree = "<group>"; };
		3063F2D42A0FEE4900C56EBA /* RecComplete2.json */ = {isa = PBXFileReference; fileEncoding = 4; lastKnownFileType = text.json; path = RecComplete2.json; sourceTree = "<group>"; };
		30BDADDA2A034DB7000BDA8F /* CircularProgressView.swift */ = {isa = PBXFileReference; fileEncoding = 4; lastKnownFileType = sourcecode.swift; path = CircularProgressView.swift; sourceTree = "<group>"; };
		30BDADDF2A034DB7000BDA8F /* Date+.swift */ = {isa = PBXFileReference; fileEncoding = 4; lastKnownFileType = sourcecode.swift; path = "Date+.swift"; sourceTree = "<group>"; };
		30BDADE32A034DB7000BDA8F /* TimerView.swift */ = {isa = PBXFileReference; fileEncoding = 4; lastKnownFileType = sourcecode.swift; path = TimerView.swift; sourceTree = "<group>"; };
		30BDADE52A034DB7000BDA8F /* VoiceView.swift */ = {isa = PBXFileReference; fileEncoding = 4; lastKnownFileType = sourcecode.swift; path = VoiceView.swift; sourceTree = "<group>"; };
		30C74FA42A0D06EB0099DC1B /* InfoView.swift */ = {isa = PBXFileReference; lastKnownFileType = sourcecode.swift; path = InfoView.swift; sourceTree = "<group>"; };
		30C74FA62A0D06FE0099DC1B /* InfoTagView.swift */ = {isa = PBXFileReference; lastKnownFileType = sourcecode.swift; path = InfoTagView.swift; sourceTree = "<group>"; };
		5B08A50A2A147CB000496242 /* VoiceViewModel.swift */ = {isa = PBXFileReference; lastKnownFileType = sourcecode.swift; path = VoiceViewModel.swift; sourceTree = "<group>"; };
		5BB7EF6B2A7FAAB6008E772A /* CoreDataManager.swift */ = {isa = PBXFileReference; lastKnownFileType = sourcecode.swift; path = CoreDataManager.swift; sourceTree = "<group>"; };
		5BB7EF6E2A7FAACB008E772A /* DataModel.xcdatamodel */ = {isa = PBXFileReference; lastKnownFileType = wrapper.xcdatamodel; path = DataModel.xcdatamodel; sourceTree = "<group>"; };
		5BB7EF702A834D0A008E772A /* ForJOYRelease.entitlements */ = {isa = PBXFileReference; lastKnownFileType = text.plist.entitlements; path = ForJOYRelease.entitlements; sourceTree = "<group>"; };
		5BB7EF712A8391D2008E772A /* ForJOYDebug.entitlements */ = {isa = PBXFileReference; lastKnownFileType = text.plist.entitlements; path = ForJOYDebug.entitlements; sourceTree = "<group>"; };
		5BB7EF922A87B0EE008E772A /* Test.swift */ = {isa = PBXFileReference; lastKnownFileType = sourcecode.swift; path = Test.swift; sourceTree = "<group>"; };
		5BF13D632A1373C5002DF1FA /* WidgetKit.framework */ = {isa = PBXFileReference; lastKnownFileType = wrapper.framework; name = WidgetKit.framework; path = System/Library/Frameworks/WidgetKit.framework; sourceTree = SDKROOT; };
		5BF13D652A1373C5002DF1FA /* SwiftUI.framework */ = {isa = PBXFileReference; lastKnownFileType = wrapper.framework; name = SwiftUI.framework; path = System/Library/Frameworks/SwiftUI.framework; sourceTree = SDKROOT; };
		5BF13D992A137846002DF1FA /* ForJoyWidgetExtension.appex */ = {isa = PBXFileReference; explicitFileType = "wrapper.app-extension"; includeInIndex = 0; path = ForJoyWidgetExtension.appex; sourceTree = BUILT_PRODUCTS_DIR; };
		5BF13D9D2A137846002DF1FA /* ForJoyWidgetBundle.swift */ = {isa = PBXFileReference; lastKnownFileType = sourcecode.swift; path = ForJoyWidgetBundle.swift; sourceTree = "<group>"; };
		5BF13D9F2A137846002DF1FA /* ForJoyWidgetLiveActivity.swift */ = {isa = PBXFileReference; lastKnownFileType = sourcecode.swift; path = ForJoyWidgetLiveActivity.swift; sourceTree = "<group>"; };
		5BF13DA12A137846002DF1FA /* ForJoyWidget.swift */ = {isa = PBXFileReference; lastKnownFileType = sourcecode.swift; path = ForJoyWidget.swift; sourceTree = "<group>"; };
		5BF13DA32A137846002DF1FA /* ForJoyWidget.intentdefinition */ = {isa = PBXFileReference; lastKnownFileType = file.intentdefinition; path = ForJoyWidget.intentdefinition; sourceTree = "<group>"; };
		5BF13DA42A137847002DF1FA /* Assets.xcassets */ = {isa = PBXFileReference; lastKnownFileType = folder.assetcatalog; path = Assets.xcassets; sourceTree = "<group>"; };
		5BF13DA62A137847002DF1FA /* Info.plist */ = {isa = PBXFileReference; lastKnownFileType = text.plist.xml; path = Info.plist; sourceTree = "<group>"; };
		5BF13DAF2A139ED9002DF1FA /* Info.plist */ = {isa = PBXFileReference; lastKnownFileType = text.plist; path = Info.plist; sourceTree = "<group>"; };
		BE522DFC2A05A48D00D4AEEA /* CarouselView.swift */ = {isa = PBXFileReference; lastKnownFileType = sourcecode.swift; path = CarouselView.swift; sourceTree = "<group>"; };
		BECC97362A05A54700E27120 /* CardView.swift */ = {isa = PBXFileReference; lastKnownFileType = sourcecode.swift; path = CardView.swift; sourceTree = "<group>"; };
		D92951632A0F643A00D7A7A7 /* LottieView.swift */ = {isa = PBXFileReference; lastKnownFileType = sourcecode.swift; path = LottieView.swift; sourceTree = "<group>"; };
		D9BEE7CF2A11DD0500868C80 /* SaveComplete2.json */ = {isa = PBXFileReference; fileEncoding = 4; lastKnownFileType = text.json; path = SaveComplete2.json; sourceTree = "<group>"; };
/* End PBXFileReference section */

/* Begin PBXFrameworksBuildPhase section */
		303238732A00A876008A8093 /* Frameworks */ = {
			isa = PBXFrameworksBuildPhase;
			buildActionMask = 2147483647;
			files = (
				D92951672A0F648F00D7A7A7 /* Lottie in Frameworks */,
			);
			runOnlyForDeploymentPostprocessing = 0;
		};
		5BF13D962A137846002DF1FA /* Frameworks */ = {
			isa = PBXFrameworksBuildPhase;
			buildActionMask = 2147483647;
			files = (
				5BF13D9B2A137846002DF1FA /* SwiftUI.framework in Frameworks */,
				5BF13D9A2A137846002DF1FA /* WidgetKit.framework in Frameworks */,
			);
			runOnlyForDeploymentPostprocessing = 0;
		};
/* End PBXFrameworksBuildPhase section */

/* Begin PBXGroup section */
		0E4E7DB32A10ED8500D72E66 /* Data */ = {
			isa = PBXGroup;
			children = (
				5BB7EF6B2A7FAAB6008E772A /* CoreDataManager.swift */,
				0E4E7DB82A10EDDA00D72E66 /* Memory.swift */,
				5BB7EF922A87B0EE008E772A /* Test.swift */,
			);
			path = Data;
			sourceTree = "<group>";
		};
		0ECFA0222A0B3027009D3C5B /* Info */ = {
			isa = PBXGroup;
			children = (
				0E4E7DE12A111CDE00D72E66 /* Tag.swift */,
				0E40FB012A0C904C00AFA66D /* AddDoneView.swift */,
				30C74FA42A0D06EB0099DC1B /* InfoView.swift */,
				30C74FA62A0D06FE0099DC1B /* InfoTagView.swift */,
			);
			path = Info;
			sourceTree = "<group>";
		};
		3032386D2A00A876008A8093 = {
			isa = PBXGroup;
			children = (
				303238782A00A876008A8093 /* ForJOY */,
				5BF13D9C2A137846002DF1FA /* ForJoyWidget */,
				5BF13D622A1373C5002DF1FA /* Frameworks */,
				303238772A00A876008A8093 /* Products */,
			);
			sourceTree = "<group>";
		};
		303238772A00A876008A8093 /* Products */ = {
			isa = PBXGroup;
			children = (
				303238762A00A876008A8093 /* ForJOY.app */,
				5BF13D992A137846002DF1FA /* ForJoyWidgetExtension.appex */,
			);
			name = Products;
			sourceTree = "<group>";
		};
		303238782A00A876008A8093 /* ForJOY */ = {
			isa = PBXGroup;
			children = (
				5BB7EF712A8391D2008E772A /* ForJOYDebug.entitlements */,
				5BB7EF702A834D0A008E772A /* ForJOYRelease.entitlements */,
				5BF13DAF2A139ED9002DF1FA /* Info.plist */,
				5BB7EF6D2A7FAACB008E772A /* DataModel.xcdatamodeld */,
				303238792A00A876008A8093 /* ForJOYApp.swift */,
				30BDADDE2A034DB7000BDA8F /* Extensions */,
				5B08A5042A147BFE00496242 /* LottieFiles */,
				3032387D2A00A876008A8093 /* Assets.xcassets */,
				0E4E7DB32A10ED8500D72E66 /* Data */,
				0ECFA0222A0B3027009D3C5B /* Info */,
				BECC97382A05A64300E27120 /* Carousel */,
				5B52BEB72A03575500320ECD /* Camera */,
				30BDADD82A034DB7000BDA8F /* Voice */,
				30BDADD72A034D7D000BDA8F /* SelectYear */,
				3037CB872A09DFF800E6A92E /* ImageGrid */,
				3032387F2A00A876008A8093 /* Preview Content */,
			);
			path = ForJOY;
			sourceTree = "<group>";
		};
		3032387F2A00A876008A8093 /* Preview Content */ = {
			isa = PBXGroup;
			children = (
				303238802A00A876008A8093 /* Preview Assets.xcassets */,
			);
			path = "Preview Content";
			sourceTree = "<group>";
		};
		3037CB872A09DFF800E6A92E /* ImageGrid */ = {
			isa = PBXGroup;
			children = (
				3037CB852A09DFF200E6A92E /* GalleryView.swift */,
			);
			path = ImageGrid;
			sourceTree = "<group>";
		};
		30BDADD72A034D7D000BDA8F /* SelectYear */ = {
			isa = PBXGroup;
			children = (
				3032388A2A00B89E008A8093 /* Ref.swift */,
				303238872A00B3BB008A8093 /* SelectYearView.swift */,
				301576B62A88B7D200BBA5A8 /* PhotoSelectButton.swift */,
				301576F52A90BF0100BBA5A8 /* RecordingAndInfoView.swift */,
			);
			path = SelectYear;
			sourceTree = "<group>";
		};
		30BDADD82A034DB7000BDA8F /* Voice */ = {
			isa = PBXGroup;
			children = (
				30BDADD92A034DB7000BDA8F /* ViewModels */,
				30BDADE12A034DB7000BDA8F /* Views */,
			);
			name = Voice;
			path = ForJOY/Voice;
			sourceTree = SOURCE_ROOT;
		};
		30BDADD92A034DB7000BDA8F /* ViewModels */ = {
			isa = PBXGroup;
			children = (
				5B08A50A2A147CB000496242 /* VoiceViewModel.swift */,
			);
			path = ViewModels;
			sourceTree = "<group>";
		};
		30BDADDE2A034DB7000BDA8F /* Extensions */ = {
			isa = PBXGroup;
			children = (
				30BDADDF2A034DB7000BDA8F /* Date+.swift */,
			);
			path = Extensions;
			sourceTree = "<group>";
		};
		30BDADE12A034DB7000BDA8F /* Views */ = {
			isa = PBXGroup;
			children = (
				D92951632A0F643A00D7A7A7 /* LottieView.swift */,
				30BDADDA2A034DB7000BDA8F /* CircularProgressView.swift */,
				30BDADE32A034DB7000BDA8F /* TimerView.swift */,
				30BDADE52A034DB7000BDA8F /* VoiceView.swift */,
			);
			path = Views;
			sourceTree = "<group>";
		};
		5B08A5042A147BFE00496242 /* LottieFiles */ = {
			isa = PBXGroup;
			children = (
				3063F2D32A0FEE4800C56EBA /* panpare.json */,
				3063F2D42A0FEE4900C56EBA /* RecComplete2.json */,
				D9BEE7CF2A11DD0500868C80 /* SaveComplete2.json */,
			);
			path = LottieFiles;
			sourceTree = "<group>";
		};
		5B52BEB72A03575500320ECD /* Camera */ = {
			isa = PBXGroup;
			children = (
				0E484E282A515E96002F9C9A /* ImagePicker.swift */,
			);
			path = Camera;
			sourceTree = "<group>";
		};
		5BF13D622A1373C5002DF1FA /* Frameworks */ = {
			isa = PBXGroup;
			children = (
				5BF13D632A1373C5002DF1FA /* WidgetKit.framework */,
				5BF13D652A1373C5002DF1FA /* SwiftUI.framework */,
			);
			name = Frameworks;
			sourceTree = "<group>";
		};
		5BF13D9C2A137846002DF1FA /* ForJoyWidget */ = {
			isa = PBXGroup;
			children = (
				5BF13D9D2A137846002DF1FA /* ForJoyWidgetBundle.swift */,
				5BF13D9F2A137846002DF1FA /* ForJoyWidgetLiveActivity.swift */,
				5BF13DA12A137846002DF1FA /* ForJoyWidget.swift */,
				5BF13DA32A137846002DF1FA /* ForJoyWidget.intentdefinition */,
				5BF13DA42A137847002DF1FA /* Assets.xcassets */,
				5BF13DA62A137847002DF1FA /* Info.plist */,
			);
			path = ForJoyWidget;
			sourceTree = "<group>";
		};
		BECC97382A05A64300E27120 /* Carousel */ = {
			isa = PBXGroup;
			children = (
				BE522DFC2A05A48D00D4AEEA /* CarouselView.swift */,
				BECC97362A05A54700E27120 /* CardView.swift */,
				300D732A2A11D8A2007D38E9 /* Players.swift */,
			);
			path = Carousel;
			sourceTree = "<group>";
		};
/* End PBXGroup section */

/* Begin PBXNativeTarget section */
		303238752A00A876008A8093 /* ForJOY */ = {
			isa = PBXNativeTarget;
			buildConfigurationList = 303238842A00A876008A8093 /* Build configuration list for PBXNativeTarget "ForJOY" */;
			buildPhases = (
				303238722A00A876008A8093 /* Sources */,
				303238732A00A876008A8093 /* Frameworks */,
				303238742A00A876008A8093 /* Resources */,
				5BF13D772A1373C6002DF1FA /* Embed Foundation Extensions */,
			);
			buildRules = (
			);
			dependencies = (
				5BF13DAA2A137847002DF1FA /* PBXTargetDependency */,
			);
			name = ForJOY;
			packageProductDependencies = (
				D92951662A0F648F00D7A7A7 /* Lottie */,
			);
			productName = ForJOY;
			productReference = 303238762A00A876008A8093 /* ForJOY.app */;
			productType = "com.apple.product-type.application";
		};
		5BF13D982A137846002DF1FA /* ForJoyWidgetExtension */ = {
			isa = PBXNativeTarget;
			buildConfigurationList = 5BF13DAC2A137847002DF1FA /* Build configuration list for PBXNativeTarget "ForJoyWidgetExtension" */;
			buildPhases = (
				5BF13D952A137846002DF1FA /* Sources */,
				5BF13D962A137846002DF1FA /* Frameworks */,
				5BF13D972A137846002DF1FA /* Resources */,
			);
			buildRules = (
			);
			dependencies = (
			);
			name = ForJoyWidgetExtension;
			productName = ForJoyWidgetExtension;
			productReference = 5BF13D992A137846002DF1FA /* ForJoyWidgetExtension.appex */;
			productType = "com.apple.product-type.app-extension";
		};
/* End PBXNativeTarget section */

/* Begin PBXProject section */
		3032386E2A00A876008A8093 /* Project object */ = {
			isa = PBXProject;
			attributes = {
				BuildIndependentTargetsInParallel = 1;
				LastSwiftUpdateCheck = 1430;
				LastUpgradeCheck = 1420;
				TargetAttributes = {
					303238752A00A876008A8093 = {
						CreatedOnToolsVersion = 14.2;
					};
					5BF13D982A137846002DF1FA = {
						CreatedOnToolsVersion = 14.3;
					};
				};
			};
			buildConfigurationList = 303238712A00A876008A8093 /* Build configuration list for PBXProject "ForJOY" */;
			compatibilityVersion = "Xcode 14.0";
			developmentRegion = en;
			hasScannedForEncodings = 0;
			knownRegions = (
				en,
				Base,
			);
			mainGroup = 3032386D2A00A876008A8093;
			packageReferences = (
				D92951652A0F648F00D7A7A7 /* XCRemoteSwiftPackageReference "lottie-ios" */,
			);
			productRefGroup = 303238772A00A876008A8093 /* Products */;
			projectDirPath = "";
			projectRoot = "";
			targets = (
				303238752A00A876008A8093 /* ForJOY */,
				5BF13D982A137846002DF1FA /* ForJoyWidgetExtension */,
			);
		};
/* End PBXProject section */

/* Begin PBXResourcesBuildPhase section */
		303238742A00A876008A8093 /* Resources */ = {
			isa = PBXResourcesBuildPhase;
			buildActionMask = 2147483647;
			files = (
				303238812A00A876008A8093 /* Preview Assets.xcassets in Resources */,
				D9BEE7D02A11DD0500868C80 /* SaveComplete2.json in Resources */,
				3063F2C92A0E1B5900C56EBA /* (null) in Resources */,
				3032387E2A00A876008A8093 /* Assets.xcassets in Resources */,
				3063F2D52A0FEE4900C56EBA /* panpare.json in Resources */,
				3063F2D62A0FEE4900C56EBA /* RecComplete2.json in Resources */,
				3063F2CA2A0E1B5900C56EBA /* (null) in Resources */,
			);
			runOnlyForDeploymentPostprocessing = 0;
		};
		5BF13D972A137846002DF1FA /* Resources */ = {
			isa = PBXResourcesBuildPhase;
			buildActionMask = 2147483647;
			files = (
				5BF13DA52A137847002DF1FA /* Assets.xcassets in Resources */,
			);
			runOnlyForDeploymentPostprocessing = 0;
		};
/* End PBXResourcesBuildPhase section */

/* Begin PBXSourcesBuildPhase section */
		303238722A00A876008A8093 /* Sources */ = {
			isa = PBXSourcesBuildPhase;
			buildActionMask = 2147483647;
			files = (
				0E4E7DE22A111CDE00D72E66 /* Tag.swift in Sources */,
				3063F2CC2A0E1BAA00C56EBA /* (null) in Sources */,
				5BF13DA82A137847002DF1FA /* ForJoyWidget.intentdefinition in Sources */,
				3063F2CE2A0E1BB500C56EBA /* (null) in Sources */,
				303238882A00B3BB008A8093 /* SelectYearView.swift in Sources */,
				3032387A2A00A876008A8093 /* ForJOYApp.swift in Sources */,
				5BB7EF6C2A7FAAB6008E772A /* CoreDataManager.swift in Sources */,
				3037CB862A09DFF200E6A92E /* GalleryView.swift in Sources */,
				30C74FA72A0D06FE0099DC1B /* InfoTagView.swift in Sources */,
				0E40FB022A0C904C00AFA66D /* AddDoneView.swift in Sources */,
				30BDADEC2A034DB7000BDA8F /* TimerView.swift in Sources */,
				30BDADEE2A034DB7000BDA8F /* VoiceView.swift in Sources */,
				30BDADE62A034DB7000BDA8F /* CircularProgressView.swift in Sources */,
				0E484E292A515E96002F9C9A /* ImagePicker.swift in Sources */,
				301576B72A88B7D200BBA5A8 /* PhotoSelectButton.swift in Sources */,
				BE522DFD2A05A48D00D4AEEA /* CarouselView.swift in Sources */,
				BECC97372A05A54700E27120 /* CardView.swift in Sources */,
				301576F62A90BF0100BBA5A8 /* RecordingAndInfoView.swift in Sources */,
				30C74FA52A0D06EB0099DC1B /* InfoView.swift in Sources */,
				3032388B2A00B89E008A8093 /* Ref.swift in Sources */,
				0E4E7DB92A10EDDA00D72E66 /* Memory.swift in Sources */,
				5B08A50B2A147CB000496242 /* VoiceViewModel.swift in Sources */,
				5BB7EF6F2A7FAACB008E772A /* DataModel.xcdatamodeld in Sources */,
				300D732B2A11D8A2007D38E9 /* Players.swift in Sources */,
				5BB7EF932A87B0EE008E772A /* Test.swift in Sources */,
				30BDADE92A034DB7000BDA8F /* Date+.swift in Sources */,
				D92951642A0F643A00D7A7A7 /* LottieView.swift in Sources */,
			);
			runOnlyForDeploymentPostprocessing = 0;
		};
		5BF13D952A137846002DF1FA /* Sources */ = {
			isa = PBXSourcesBuildPhase;
			buildActionMask = 2147483647;
			files = (
				5BF13D9E2A137846002DF1FA /* ForJoyWidgetBundle.swift in Sources */,
				5BF13DA22A137846002DF1FA /* ForJoyWidget.swift in Sources */,
				5BF13DA02A137846002DF1FA /* ForJoyWidgetLiveActivity.swift in Sources */,
				5BF13DA72A137847002DF1FA /* ForJoyWidget.intentdefinition in Sources */,
			);
			runOnlyForDeploymentPostprocessing = 0;
		};
/* End PBXSourcesBuildPhase section */

/* Begin PBXTargetDependency section */
		5BF13DAA2A137847002DF1FA /* PBXTargetDependency */ = {
			isa = PBXTargetDependency;
			target = 5BF13D982A137846002DF1FA /* ForJoyWidgetExtension */;
			targetProxy = 5BF13DA92A137847002DF1FA /* PBXContainerItemProxy */;
		};
/* End PBXTargetDependency section */

/* Begin XCBuildConfiguration section */
		303238822A00A876008A8093 /* Debug */ = {
			isa = XCBuildConfiguration;
			buildSettings = {
				ALWAYS_SEARCH_USER_PATHS = NO;
				CLANG_ANALYZER_NONNULL = YES;
				CLANG_ANALYZER_NUMBER_OBJECT_CONVERSION = YES_AGGRESSIVE;
				CLANG_CXX_LANGUAGE_STANDARD = "gnu++20";
				CLANG_ENABLE_MODULES = YES;
				CLANG_ENABLE_OBJC_ARC = YES;
				CLANG_ENABLE_OBJC_WEAK = YES;
				CLANG_WARN_BLOCK_CAPTURE_AUTORELEASING = YES;
				CLANG_WARN_BOOL_CONVERSION = YES;
				CLANG_WARN_COMMA = YES;
				CLANG_WARN_CONSTANT_CONVERSION = YES;
				CLANG_WARN_DEPRECATED_OBJC_IMPLEMENTATIONS = YES;
				CLANG_WARN_DIRECT_OBJC_ISA_USAGE = YES_ERROR;
				CLANG_WARN_DOCUMENTATION_COMMENTS = YES;
				CLANG_WARN_EMPTY_BODY = YES;
				CLANG_WARN_ENUM_CONVERSION = YES;
				CLANG_WARN_INFINITE_RECURSION = YES;
				CLANG_WARN_INT_CONVERSION = YES;
				CLANG_WARN_NON_LITERAL_NULL_CONVERSION = YES;
				CLANG_WARN_OBJC_IMPLICIT_RETAIN_SELF = YES;
				CLANG_WARN_OBJC_LITERAL_CONVERSION = YES;
				CLANG_WARN_OBJC_ROOT_CLASS = YES_ERROR;
				CLANG_WARN_QUOTED_INCLUDE_IN_FRAMEWORK_HEADER = YES;
				CLANG_WARN_RANGE_LOOP_ANALYSIS = YES;
				CLANG_WARN_STRICT_PROTOTYPES = YES;
				CLANG_WARN_SUSPICIOUS_MOVE = YES;
				CLANG_WARN_UNGUARDED_AVAILABILITY = YES_AGGRESSIVE;
				CLANG_WARN_UNREACHABLE_CODE = YES;
				CLANG_WARN__DUPLICATE_METHOD_MATCH = YES;
				COPY_PHASE_STRIP = NO;
				DEBUG_INFORMATION_FORMAT = dwarf;
				ENABLE_STRICT_OBJC_MSGSEND = YES;
				ENABLE_TESTABILITY = YES;
				GCC_C_LANGUAGE_STANDARD = gnu11;
				GCC_DYNAMIC_NO_PIC = NO;
				GCC_NO_COMMON_BLOCKS = YES;
				GCC_OPTIMIZATION_LEVEL = 0;
				GCC_PREPROCESSOR_DEFINITIONS = (
					"DEBUG=1",
					"$(inherited)",
				);
				GCC_WARN_64_TO_32_BIT_CONVERSION = YES;
				GCC_WARN_ABOUT_RETURN_TYPE = YES_ERROR;
				GCC_WARN_UNDECLARED_SELECTOR = YES;
				GCC_WARN_UNINITIALIZED_AUTOS = YES_AGGRESSIVE;
				GCC_WARN_UNUSED_FUNCTION = YES;
				GCC_WARN_UNUSED_VARIABLE = YES;
				IPHONEOS_DEPLOYMENT_TARGET = 16.2;
				MTL_ENABLE_DEBUG_INFO = INCLUDE_SOURCE;
				MTL_FAST_MATH = YES;
				ONLY_ACTIVE_ARCH = YES;
				SDKROOT = iphoneos;
				SWIFT_ACTIVE_COMPILATION_CONDITIONS = DEBUG;
				SWIFT_OPTIMIZATION_LEVEL = "-Onone";
			};
			name = Debug;
		};
		303238832A00A876008A8093 /* Release */ = {
			isa = XCBuildConfiguration;
			buildSettings = {
				ALWAYS_SEARCH_USER_PATHS = NO;
				CLANG_ANALYZER_NONNULL = YES;
				CLANG_ANALYZER_NUMBER_OBJECT_CONVERSION = YES_AGGRESSIVE;
				CLANG_CXX_LANGUAGE_STANDARD = "gnu++20";
				CLANG_ENABLE_MODULES = YES;
				CLANG_ENABLE_OBJC_ARC = YES;
				CLANG_ENABLE_OBJC_WEAK = YES;
				CLANG_WARN_BLOCK_CAPTURE_AUTORELEASING = YES;
				CLANG_WARN_BOOL_CONVERSION = YES;
				CLANG_WARN_COMMA = YES;
				CLANG_WARN_CONSTANT_CONVERSION = YES;
				CLANG_WARN_DEPRECATED_OBJC_IMPLEMENTATIONS = YES;
				CLANG_WARN_DIRECT_OBJC_ISA_USAGE = YES_ERROR;
				CLANG_WARN_DOCUMENTATION_COMMENTS = YES;
				CLANG_WARN_EMPTY_BODY = YES;
				CLANG_WARN_ENUM_CONVERSION = YES;
				CLANG_WARN_INFINITE_RECURSION = YES;
				CLANG_WARN_INT_CONVERSION = YES;
				CLANG_WARN_NON_LITERAL_NULL_CONVERSION = YES;
				CLANG_WARN_OBJC_IMPLICIT_RETAIN_SELF = YES;
				CLANG_WARN_OBJC_LITERAL_CONVERSION = YES;
				CLANG_WARN_OBJC_ROOT_CLASS = YES_ERROR;
				CLANG_WARN_QUOTED_INCLUDE_IN_FRAMEWORK_HEADER = YES;
				CLANG_WARN_RANGE_LOOP_ANALYSIS = YES;
				CLANG_WARN_STRICT_PROTOTYPES = YES;
				CLANG_WARN_SUSPICIOUS_MOVE = YES;
				CLANG_WARN_UNGUARDED_AVAILABILITY = YES_AGGRESSIVE;
				CLANG_WARN_UNREACHABLE_CODE = YES;
				CLANG_WARN__DUPLICATE_METHOD_MATCH = YES;
				COPY_PHASE_STRIP = NO;
				DEBUG_INFORMATION_FORMAT = "dwarf-with-dsym";
				ENABLE_NS_ASSERTIONS = NO;
				ENABLE_STRICT_OBJC_MSGSEND = YES;
				GCC_C_LANGUAGE_STANDARD = gnu11;
				GCC_NO_COMMON_BLOCKS = YES;
				GCC_WARN_64_TO_32_BIT_CONVERSION = YES;
				GCC_WARN_ABOUT_RETURN_TYPE = YES_ERROR;
				GCC_WARN_UNDECLARED_SELECTOR = YES;
				GCC_WARN_UNINITIALIZED_AUTOS = YES_AGGRESSIVE;
				GCC_WARN_UNUSED_FUNCTION = YES;
				GCC_WARN_UNUSED_VARIABLE = YES;
				IPHONEOS_DEPLOYMENT_TARGET = 16.2;
				MTL_ENABLE_DEBUG_INFO = NO;
				MTL_FAST_MATH = YES;
				SDKROOT = iphoneos;
				SWIFT_COMPILATION_MODE = wholemodule;
				SWIFT_OPTIMIZATION_LEVEL = "-O";
				VALIDATE_PRODUCT = YES;
			};
			name = Release;
		};
		303238852A00A876008A8093 /* Debug */ = {
			isa = XCBuildConfiguration;
			buildSettings = {
				ALWAYS_EMBED_SWIFT_STANDARD_LIBRARIES = YES;
				ASSETCATALOG_COMPILER_APPICON_NAME = AppIcon;
				ASSETCATALOG_COMPILER_GLOBAL_ACCENT_COLOR_NAME = AccentColor;
				CODE_SIGN_ENTITLEMENTS = ForJOY/ForJOYDebug.entitlements;
				CODE_SIGN_IDENTITY = "Apple Development";
				CODE_SIGN_STYLE = Automatic;
				CURRENT_PROJECT_VERSION = 1;
				DEVELOPMENT_ASSET_PATHS = "\"ForJOY/Preview Content\"";
				DEVELOPMENT_TEAM = FJ72KV3U2A;
				ENABLE_PREVIEWS = YES;
				GENERATE_INFOPLIST_FILE = YES;
				INFOPLIST_FILE = ForJOY/Info.plist;
				INFOPLIST_KEY_NSCameraUsageDescription = "We need access to your photo library to save images.";
				INFOPLIST_KEY_NSMicrophoneUsageDescription = "권한을 허용해주세요";
				INFOPLIST_KEY_NSPhotoLibraryUsageDescription = "This app saves screenshots to your photo library.";
				INFOPLIST_KEY_UIApplicationSceneManifest_Generation = YES;
				INFOPLIST_KEY_UIApplicationSupportsIndirectInputEvents = YES;
				INFOPLIST_KEY_UISupportedInterfaceOrientations_iPad = "UIInterfaceOrientationPortrait UIInterfaceOrientationPortraitUpsideDown UIInterfaceOrientationLandscapeLeft UIInterfaceOrientationLandscapeRight";
				INFOPLIST_KEY_UISupportedInterfaceOrientations_iPhone = "UIInterfaceOrientationPortrait UIInterfaceOrientationLandscapeLeft UIInterfaceOrientationLandscapeRight";
				IPHONEOS_DEPLOYMENT_TARGET = 16.2;
				LD_RUNPATH_SEARCH_PATHS = (
					"$(inherited)",
					"@executable_path/Frameworks",
				);
				MARKETING_VERSION = 1.0;
				PRODUCT_BUNDLE_IDENTIFIER = papajoy.ash2.ForJOY;
				PRODUCT_NAME = "$(TARGET_NAME)";
				PROVISIONING_PROFILE_SPECIFIER = "";
				SWIFT_EMIT_LOC_STRINGS = YES;
				SWIFT_VERSION = 5.0;
				TARGETED_DEVICE_FAMILY = "1,2";
			};
			name = Debug;
		};
		303238862A00A876008A8093 /* Release */ = {
			isa = XCBuildConfiguration;
			buildSettings = {
				ALWAYS_EMBED_SWIFT_STANDARD_LIBRARIES = YES;
				ASSETCATALOG_COMPILER_APPICON_NAME = AppIcon;
				ASSETCATALOG_COMPILER_GLOBAL_ACCENT_COLOR_NAME = AccentColor;
				CODE_SIGN_ENTITLEMENTS = ForJOY/ForJOYRelease.entitlements;
				CODE_SIGN_STYLE = Automatic;
				CURRENT_PROJECT_VERSION = 1;
				DEVELOPMENT_ASSET_PATHS = "\"ForJOY/Preview Content\"";
				DEVELOPMENT_TEAM = FJ72KV3U2A;
				ENABLE_PREVIEWS = YES;
				GENERATE_INFOPLIST_FILE = YES;
				INFOPLIST_FILE = ForJOY/Info.plist;
				INFOPLIST_KEY_NSCameraUsageDescription = "We need access to your photo library to save images.";
				INFOPLIST_KEY_NSMicrophoneUsageDescription = "권한을 허용해주세요";
				INFOPLIST_KEY_NSPhotoLibraryUsageDescription = "This app saves screenshots to your photo library.";
				INFOPLIST_KEY_UIApplicationSceneManifest_Generation = YES;
				INFOPLIST_KEY_UIApplicationSupportsIndirectInputEvents = YES;
				INFOPLIST_KEY_UISupportedInterfaceOrientations_iPad = "UIInterfaceOrientationPortrait UIInterfaceOrientationPortraitUpsideDown UIInterfaceOrientationLandscapeLeft UIInterfaceOrientationLandscapeRight";
				INFOPLIST_KEY_UISupportedInterfaceOrientations_iPhone = "UIInterfaceOrientationPortrait UIInterfaceOrientationLandscapeLeft UIInterfaceOrientationLandscapeRight";
				IPHONEOS_DEPLOYMENT_TARGET = 16.2;
				LD_RUNPATH_SEARCH_PATHS = (
					"$(inherited)",
					"@executable_path/Frameworks",
				);
				MARKETING_VERSION = 1.0;
				PRODUCT_BUNDLE_IDENTIFIER = papajoy.ash2.ForJOY;
				PRODUCT_NAME = "$(TARGET_NAME)";
				SWIFT_EMIT_LOC_STRINGS = YES;
				SWIFT_VERSION = 5.0;
				TARGETED_DEVICE_FAMILY = "1,2";
			};
			name = Release;
		};
		5BF13DAD2A137847002DF1FA /* Debug */ = {
			isa = XCBuildConfiguration;
			buildSettings = {
				ASSETCATALOG_COMPILER_GLOBAL_ACCENT_COLOR_NAME = AccentColor;
				ASSETCATALOG_COMPILER_WIDGET_BACKGROUND_COLOR_NAME = WidgetBackground;
				CODE_SIGN_IDENTITY = "Apple Development";
				CODE_SIGN_STYLE = Automatic;
				CURRENT_PROJECT_VERSION = 1;
				DEVELOPMENT_TEAM = FJ72KV3U2A;
				GENERATE_INFOPLIST_FILE = YES;
				INFOPLIST_FILE = ForJoyWidget/Info.plist;
				INFOPLIST_KEY_CFBundleDisplayName = ForJoyWidget;
				INFOPLIST_KEY_NSHumanReadableCopyright = "";
				IPHONEOS_DEPLOYMENT_TARGET = 16.4;
				LD_RUNPATH_SEARCH_PATHS = (
					"$(inherited)",
					"@executable_path/Frameworks",
					"@executable_path/../../Frameworks",
				);
				MARKETING_VERSION = 1.0;
				PRODUCT_BUNDLE_IDENTIFIER = papajoy.ash2.ForJOY.ForJoyWidgetExtension;
				PRODUCT_NAME = "$(TARGET_NAME)";
				PROVISIONING_PROFILE_SPECIFIER = "";
				SKIP_INSTALL = YES;
				SWIFT_EMIT_LOC_STRINGS = YES;
				SWIFT_VERSION = 5.0;
				TARGETED_DEVICE_FAMILY = "1,2";
			};
			name = Debug;
		};
		5BF13DAE2A137847002DF1FA /* Release */ = {
			isa = XCBuildConfiguration;
			buildSettings = {
				ASSETCATALOG_COMPILER_GLOBAL_ACCENT_COLOR_NAME = AccentColor;
				ASSETCATALOG_COMPILER_WIDGET_BACKGROUND_COLOR_NAME = WidgetBackground;
				CODE_SIGN_IDENTITY = "Apple Development";
				CODE_SIGN_STYLE = Automatic;
				CURRENT_PROJECT_VERSION = 1;
				DEVELOPMENT_TEAM = FJ72KV3U2A;
				GENERATE_INFOPLIST_FILE = YES;
				INFOPLIST_FILE = ForJoyWidget/Info.plist;
				INFOPLIST_KEY_CFBundleDisplayName = ForJoyWidget;
				INFOPLIST_KEY_NSHumanReadableCopyright = "";
				IPHONEOS_DEPLOYMENT_TARGET = 16.4;
				LD_RUNPATH_SEARCH_PATHS = (
					"$(inherited)",
					"@executable_path/Frameworks",
					"@executable_path/../../Frameworks",
				);
				MARKETING_VERSION = 1.0;
				PRODUCT_BUNDLE_IDENTIFIER = papajoy.ash2.ForJOY.ForJoyWidgetExtension;
				PRODUCT_NAME = "$(TARGET_NAME)";
				PROVISIONING_PROFILE_SPECIFIER = "";
				SKIP_INSTALL = YES;
				SWIFT_EMIT_LOC_STRINGS = YES;
				SWIFT_VERSION = 5.0;
				TARGETED_DEVICE_FAMILY = "1,2";
			};
			name = Release;
		};
/* End XCBuildConfiguration section */

/* Begin XCConfigurationList section */
		303238712A00A876008A8093 /* Build configuration list for PBXProject "ForJOY" */ = {
			isa = XCConfigurationList;
			buildConfigurations = (
				303238822A00A876008A8093 /* Debug */,
				303238832A00A876008A8093 /* Release */,
			);
			defaultConfigurationIsVisible = 0;
			defaultConfigurationName = Release;
		};
		303238842A00A876008A8093 /* Build configuration list for PBXNativeTarget "ForJOY" */ = {
			isa = XCConfigurationList;
			buildConfigurations = (
				303238852A00A876008A8093 /* Debug */,
				303238862A00A876008A8093 /* Release */,
			);
			defaultConfigurationIsVisible = 0;
			defaultConfigurationName = Release;
		};
		5BF13DAC2A137847002DF1FA /* Build configuration list for PBXNativeTarget "ForJoyWidgetExtension" */ = {
			isa = XCConfigurationList;
			buildConfigurations = (
				5BF13DAD2A137847002DF1FA /* Debug */,
				5BF13DAE2A137847002DF1FA /* Release */,
			);
			defaultConfigurationIsVisible = 0;
			defaultConfigurationName = Release;
		};
/* End XCConfigurationList section */

/* Begin XCRemoteSwiftPackageReference section */
		D92951652A0F648F00D7A7A7 /* XCRemoteSwiftPackageReference "lottie-ios" */ = {
			isa = XCRemoteSwiftPackageReference;
			repositoryURL = "https://github.com/airbnb/lottie-ios";
			requirement = {
				branch = master;
				kind = branch;
			};
		};
/* End XCRemoteSwiftPackageReference section */

/* Begin XCSwiftPackageProductDependency section */
		D92951662A0F648F00D7A7A7 /* Lottie */ = {
			isa = XCSwiftPackageProductDependency;
			package = D92951652A0F648F00D7A7A7 /* XCRemoteSwiftPackageReference "lottie-ios" */;
			productName = Lottie;
		};
/* End XCSwiftPackageProductDependency section */

/* Begin XCVersionGroup section */
		5BB7EF6D2A7FAACB008E772A /* DataModel.xcdatamodeld */ = {
			isa = XCVersionGroup;
			children = (
				5BB7EF6E2A7FAACB008E772A /* DataModel.xcdatamodel */,
			);
			currentVersion = 5BB7EF6E2A7FAACB008E772A /* DataModel.xcdatamodel */;
			path = DataModel.xcdatamodeld;
			sourceTree = "<group>";
			versionGroupType = wrapper.xcdatamodel;
		};
/* End XCVersionGroup section */
	};
	rootObject = 3032386E2A00A876008A8093 /* Project object */;
}
